{
  "originHash" : "8db810839d2e05d8fa43fe72481467e8e9f47bda8dad613e17d2b9a570e27109",
  "pins" : [
    {
      "identity" : "nuke",
      "kind" : "remoteSourceControl",
      "location" : "https://github.com/kean/Nuke",
      "state" : {
        "revision" : "311016d972aa751ae8ab0cd5897422ebe7db0501",
        "version" : "12.7.3"
      }
    }
  ],
  "version" : 3
}
