// !$*UTF8*$!
{
	archiveVersion = 1;
	classes = {
	};
	objectVersion = 70;
	objects = {

/* Begin PBXBuildFile section */
		57168CEC2C2348EC009E6150 /* AvailableReservationsView.swift in Sources */ = {isa = PBXBuildFile; fileRef = 57168CEB2C2348EC009E6150 /* AvailableReservationsView.swift */; };
		57168CF42C234C19009E6150 /* AvailableReservationsGridView.swift in Sources */ = {isa = PBXBuildFile; fileRef = 57168CF32C234C19009E6150 /* AvailableReservationsGridView.swift */; };
		57168CFD2C235350009E6150 /* AvailableReservationsView+ViewModel.swift in Sources */ = {isa = PBXBuildFile; fileRef = 57168CFC2C235350009E6150 /* AvailableReservationsView+ViewModel.swift */; };
		57168D092C235C09009E6150 /* AvailableReservationResponseMapper.swift in Sources */ = {isa = PBXBuildFile; fileRef = 57168D082C235C09009E6150 /* AvailableReservationResponseMapper.swift */; };
		57168D0C2C235F33009E6150 /* AvailableReservationSlotView.swift in Sources */ = {isa = PBXBuildFile; fileRef = 57168D0B2C235F33009E6150 /* AvailableReservationSlotView.swift */; };
		57168D262C2381F2009E6150 /* CreateReservationFormView.swift in Sources */ = {isa = PBXBuildFile; fileRef = 57168D252C2381F2009E6150 /* CreateReservationFormView.swift */; };
		57168D2D2C238665009E6150 /* ScheduleReservationHomeView.swift in Sources */ = {isa = PBXBuildFile; fileRef = 57168D2C2C238665009E6150 /* ScheduleReservationHomeView.swift */; };
		57168D2F2C23869E009E6150 /* ScheduledReservationsCarouselView.swift in Sources */ = {isa = PBXBuildFile; fileRef = 57168D2E2C23869E009E6150 /* ScheduledReservationsCarouselView.swift */; };
		57168D312C2386D7009E6150 /* ScheduledReservation.swift in Sources */ = {isa = PBXBuildFile; fileRef = 57168D302C2386D7009E6150 /* ScheduledReservation.swift */; };
		5717614E2DD98DA100E2EF8A /* DebugTools in Frameworks */ = {isa = PBXBuildFile; productRef = 5717614D2DD98DA100E2EF8A /* DebugTools */; };
		57199D292C2314F500AE2F8B /* ResyProApp.swift in Sources */ = {isa = PBXBuildFile; fileRef = 57199D282C2314F500AE2F8B /* ResyProApp.swift */; };
		57199D2F2C2314F600AE2F8B /* Assets.xcassets in Resources */ = {isa = PBXBuildFile; fileRef = 57199D2E2C2314F600AE2F8B /* Assets.xcassets */; };
		57199D332C2314F600AE2F8B /* Preview Assets.xcassets in Resources */ = {isa = PBXBuildFile; fileRef = 57199D322C2314F600AE2F8B /* Preview Assets.xcassets */; };
		57199D3D2C2314F600AE2F8B /* ResyProTests.swift in Sources */ = {isa = PBXBuildFile; fileRef = 57199D3C2C2314F600AE2F8B /* ResyProTests.swift */; };
		57199D472C2314F600AE2F8B /* ResyProUITests.swift in Sources */ = {isa = PBXBuildFile; fileRef = 57199D462C2314F600AE2F8B /* ResyProUITests.swift */; };
		57199D492C2314F600AE2F8B /* ResyProUITestsLaunchTests.swift in Sources */ = {isa = PBXBuildFile; fileRef = 57199D482C2314F600AE2F8B /* ResyProUITestsLaunchTests.swift */; };
		57199D7C2C23169A00AE2F8B /* CreateReservationView.swift in Sources */ = {isa = PBXBuildFile; fileRef = 57199D7B2C23169A00AE2F8B /* CreateReservationView.swift */; };
		57199D7E2C2316A100AE2F8B /* CreateReservationViewModel.swift in Sources */ = {isa = PBXBuildFile; fileRef = 57199D7D2C2316A100AE2F8B /* CreateReservationViewModel.swift */; };
		57199D832C2316E300AE2F8B /* GetBookingTokenEndpoint.swift in Sources */ = {isa = PBXBuildFile; fileRef = 57199D822C2316E300AE2F8B /* GetBookingTokenEndpoint.swift */; };
		57199D852C23175C00AE2F8B /* ReservationResponse.swift in Sources */ = {isa = PBXBuildFile; fileRef = 57199D842C23175C00AE2F8B /* ReservationResponse.swift */; };
		57199D8B2C23181000AE2F8B /* GetAvailableSlotsEndpoint.swift in Sources */ = {isa = PBXBuildFile; fileRef = 57199D8A2C23181000AE2F8B /* GetAvailableSlotsEndpoint.swift */; };
		57199D912C231A4600AE2F8B /* GetExistingReservationsEndpoint.swift in Sources */ = {isa = PBXBuildFile; fileRef = 57199D902C231A4600AE2F8B /* GetExistingReservationsEndpoint.swift */; };
		57199D942C2338BE00AE2F8B /* ConfirmBookingEndpoint.swift in Sources */ = {isa = PBXBuildFile; fileRef = 57199D932C2338BE00AE2F8B /* ConfirmBookingEndpoint.swift */; };
		57199DB02C233B6C00AE2F8B /* RootView.swift in Sources */ = {isa = PBXBuildFile; fileRef = 57199DAF2C233B6C00AE2F8B /* RootView.swift */; };
		57199DB32C233B8900AE2F8B /* MainTabView.swift in Sources */ = {isa = PBXBuildFile; fileRef = 57199DB22C233B8900AE2F8B /* MainTabView.swift */; };
		57199DB62C233EDC00AE2F8B /* ResyAPIService.swift in Sources */ = {isa = PBXBuildFile; fileRef = 57199DB52C233EDC00AE2F8B /* ResyAPIService.swift */; };
		57199DB82C23401100AE2F8B /* GetAvailableSlotsResponse.swift in Sources */ = {isa = PBXBuildFile; fileRef = 57199DB72C23401100AE2F8B /* GetAvailableSlotsResponse.swift */; };
		57199DBC2C23421500AE2F8B /* GetAvailableSlotsUseCase.swift in Sources */ = {isa = PBXBuildFile; fileRef = 57199DBB2C23421500AE2F8B /* GetAvailableSlotsUseCase.swift */; };
		57199DBE2C23427300AE2F8B /* GetAvailableSlotsRequest.swift in Sources */ = {isa = PBXBuildFile; fileRef = 57199DBD2C23427300AE2F8B /* GetAvailableSlotsRequest.swift */; };
		57199DC72C23454600AE2F8B /* AvailableReservation.swift in Sources */ = {isa = PBXBuildFile; fileRef = 57199DC62C23454600AE2F8B /* AvailableReservation.swift */; };
		57199DCA2C23455800AE2F8B /* AvailableReservationsStore.swift in Sources */ = {isa = PBXBuildFile; fileRef = 57199DC92C23455800AE2F8B /* AvailableReservationsStore.swift */; };
		57199DCC2C23459100AE2F8B /* Resy+TypeAlias.swift in Sources */ = {isa = PBXBuildFile; fileRef = 57199DCB2C23459100AE2F8B /* Resy+TypeAlias.swift */; };
		57199DCE2C2345B800AE2F8B /* BookingAvailabilityStatus.swift in Sources */ = {isa = PBXBuildFile; fileRef = 57199DCD2C2345B800AE2F8B /* BookingAvailabilityStatus.swift */; };
		57199DD02C2345C300AE2F8B /* ResySlotConfigType.swift in Sources */ = {isa = PBXBuildFile; fileRef = 57199DCF2C2345C300AE2F8B /* ResySlotConfigType.swift */; };
		57199DD32C23462700AE2F8B /* AvailableReservationsRepository.swift in Sources */ = {isa = PBXBuildFile; fileRef = 57199DD22C23462700AE2F8B /* AvailableReservationsRepository.swift */; };
		572503E72C2797A50076EECB /* ScheduleReservationFormView.swift in Sources */ = {isa = PBXBuildFile; fileRef = 572503E62C2797A50076EECB /* ScheduleReservationFormView.swift */; };
		572503EE2C279B830076EECB /* ScheduleReservationFormView+ViewModel.swift in Sources */ = {isa = PBXBuildFile; fileRef = 572503ED2C279B830076EECB /* ScheduleReservationFormView+ViewModel.swift */; };
		572503F92C28D9180076EECB /* Nuke in Frameworks */ = {isa = PBXBuildFile; productRef = 572503F82C28D9180076EECB /* Nuke */; };
		572503FB2C28D9180076EECB /* NukeExtensions in Frameworks */ = {isa = PBXBuildFile; productRef = 572503FA2C28D9180076EECB /* NukeExtensions */; };
		572503FD2C28D9180076EECB /* NukeUI in Frameworks */ = {isa = PBXBuildFile; productRef = 572503FC2C28D9180076EECB /* NukeUI */; };
		5726571F2DDC18650098C603 /* CheckAvailableReservationsEndpoint.swift in Sources */ = {isa = PBXBuildFile; fileRef = 5726571C2DDC18650098C603 /* CheckAvailableReservationsEndpoint.swift */; };
		572657202DDC18650098C603 /* CheckAvailableReservationsRequest.swift in Sources */ = {isa = PBXBuildFile; fileRef = 5726571D2DDC18650098C603 /* CheckAvailableReservationsRequest.swift */; };
		5734986E2C24D7AA00DBB916 /* ScheduleReservationUseCase.swift in Sources */ = {isa = PBXBuildFile; fileRef = 5734986D2C24D7AA00DBB916 /* ScheduleReservationUseCase.swift */; };
		573498722C24E2C000DBB916 /* ScheduleReservationEndpoint.swift in Sources */ = {isa = PBXBuildFile; fileRef = 573498712C24E2C000DBB916 /* ScheduleReservationEndpoint.swift */; };
		574013AD2C2E0B1000DAD86B /* AutomaticScheduleBookingView.swift in Sources */ = {isa = PBXBuildFile; fileRef = 574013AC2C2E0B1000DAD86B /* AutomaticScheduleBookingView.swift */; };
		5773DC182DE7CA21004C4016 /* Bootstrap in Frameworks */ = {isa = PBXBuildFile; productRef = 5773DC172DE7CA21004C4016 /* Bootstrap */; };
		57768FA12DDA724B0018F62F /* Authentication in Frameworks */ = {isa = PBXBuildFile; productRef = 57768FA02DDA724B0018F62F /* Authentication */; };
		57768FA32DDA724F0018F62F /* Onboarding in Frameworks */ = {isa = PBXBuildFile; productRef = 57768FA22DDA724F0018F62F /* Onboarding */; };
		57865CD02C2D9571006C7D68 /* ManualScheduleBookingView.swift in Sources */ = {isa = PBXBuildFile; fileRef = 57865CCF2C2D9571006C7D68 /* ManualScheduleBookingView.swift */; };
		57A01E9D2DDBF6D100569C82 /* WebSocketLifecycleHandler.swift in Sources */ = {isa = PBXBuildFile; fileRef = 57A01E9C2DDBF6D100569C82 /* WebSocketLifecycleHandler.swift */; };
		57A236782DDA68FF00CA2334 /* LogoutUseCase.swift in Sources */ = {isa = PBXBuildFile; fileRef = 57A236762DDA68FF00CA2334 /* LogoutUseCase.swift */; };
		57AC63022DD9848E003C2BA8 /* Websockets in Frameworks */ = {isa = PBXBuildFile; productRef = 57AC63012DD9848E003C2BA8 /* Websockets */; };
		57CB3D332DE925D8007AFF8B /* MainTabView+Tab.swift in Sources */ = {isa = PBXBuildFile; fileRef = 57CB3D322DE925D7007AFF8B /* MainTabView+Tab.swift */; };
		57D8C6882DD8F3610031F4BC /* ProfileView.swift in Sources */ = {isa = PBXBuildFile; fileRef = 57D8C6852DD8F3610031F4BC /* ProfileView.swift */; };
		57D8C68C2DD983FD0031F4BC /* DataController.swift in Sources */ = {isa = PBXBuildFile; fileRef = 57D8C68B2DD983FD0031F4BC /* DataController.swift */; };
		57E8C2402DD412A50075E615 /* User in Frameworks */ = {isa = PBXBuildFile; productRef = 57E8C23F2DD412A50075E615 /* User */; };
		57EA7E9F2DD0DA2D00E25108 /* Network in Frameworks */ = {isa = PBXBuildFile; productRef = 57EA7E9E2DD0DA2D00E25108 /* Network */; };
		57EA7EA22DD0E06C00E25108 /* DesignSystem in Frameworks */ = {isa = PBXBuildFile; productRef = 57EA7EA12DD0E06C00E25108 /* DesignSystem */; };
		57FAFD432DD0EC4A0059A036 /* Venues in Frameworks */ = {isa = PBXBuildFile; productRef = 57FAFD422DD0EC4A0059A036 /* Venues */; };
		57FAFD482DD111FF0059A036 /* SeatingOptionView.swift in Sources */ = {isa = PBXBuildFile; fileRef = 57FAFD452DD111FF0059A036 /* SeatingOptionView.swift */; };
		57FAFD492DD111FF0059A036 /* SeatingOptionViewType.swift in Sources */ = {isa = PBXBuildFile; fileRef = 57FAFD462DD111FF0059A036 /* SeatingOptionViewType.swift */; };
		57FAFD4A2DD111FF0059A036 /* SeatingOptionSelectionView.swift in Sources */ = {isa = PBXBuildFile; fileRef = 57FAFD442DD111FF0059A036 /* SeatingOptionSelectionView.swift */; };
		57FAFD4E2DD153060059A036 /* Notifications in Frameworks */ = {isa = PBXBuildFile; productRef = 57FAFD4D2DD153060059A036 /* Notifications */; };
/* End PBXBuildFile section */

/* Begin PBXContainerItemProxy section */
		57199D392C2314F600AE2F8B /* PBXContainerItemProxy */ = {
			isa = PBXContainerItemProxy;
			containerPortal = 57199D1D2C2314F500AE2F8B /* Project object */;
			proxyType = 1;
			remoteGlobalIDString = 57199D242C2314F500AE2F8B;
			remoteInfo = ResyPro;
		};
		57199D432C2314F600AE2F8B /* PBXContainerItemProxy */ = {
			isa = PBXContainerItemProxy;
			containerPortal = 57199D1D2C2314F500AE2F8B /* Project object */;
			proxyType = 1;
			remoteGlobalIDString = 57199D242C2314F500AE2F8B;
			remoteInfo = ResyPro;
		};
/* End PBXContainerItemProxy section */

/* Begin PBXFileReference section */
		57168CEB2C2348EC009E6150 /* AvailableReservationsView.swift */ = {isa = PBXFileReference; lastKnownFileType = sourcecode.swift; path = AvailableReservationsView.swift; sourceTree = "<group>"; };
		57168CF32C234C19009E6150 /* AvailableReservationsGridView.swift */ = {isa = PBXFileReference; lastKnownFileType = sourcecode.swift; path = AvailableReservationsGridView.swift; sourceTree = "<group>"; };
		57168CFC2C235350009E6150 /* AvailableReservationsView+ViewModel.swift */ = {isa = PBXFileReference; lastKnownFileType = sourcecode.swift; path = "AvailableReservationsView+ViewModel.swift"; sourceTree = "<group>"; };
		57168D082C235C09009E6150 /* AvailableReservationResponseMapper.swift */ = {isa = PBXFileReference; lastKnownFileType = sourcecode.swift; path = AvailableReservationResponseMapper.swift; sourceTree = "<group>"; };
		57168D0B2C235F33009E6150 /* AvailableReservationSlotView.swift */ = {isa = PBXFileReference; lastKnownFileType = sourcecode.swift; path = AvailableReservationSlotView.swift; sourceTree = "<group>"; };
		57168D252C2381F2009E6150 /* CreateReservationFormView.swift */ = {isa = PBXFileReference; lastKnownFileType = sourcecode.swift; path = CreateReservationFormView.swift; sourceTree = "<group>"; };
		57168D2C2C238665009E6150 /* ScheduleReservationHomeView.swift */ = {isa = PBXFileReference; lastKnownFileType = sourcecode.swift; path = ScheduleReservationHomeView.swift; sourceTree = "<group>"; };
		57168D2E2C23869E009E6150 /* ScheduledReservationsCarouselView.swift */ = {isa = PBXFileReference; lastKnownFileType = sourcecode.swift; path = ScheduledReservationsCarouselView.swift; sourceTree = "<group>"; };
		57168D302C2386D7009E6150 /* ScheduledReservation.swift */ = {isa = PBXFileReference; lastKnownFileType = sourcecode.swift; path = ScheduledReservation.swift; sourceTree = "<group>"; };
		5717614A2DD98D5A00E2EF8A /* DebugTools */ = {isa = PBXFileReference; lastKnownFileType = wrapper; path = DebugTools; sourceTree = "<group>"; };
		57199D252C2314F500AE2F8B /* ResyPro.app */ = {isa = PBXFileReference; explicitFileType = wrapper.application; includeInIndex = 0; path = ResyPro.app; sourceTree = BUILT_PRODUCTS_DIR; };
		57199D282C2314F500AE2F8B /* ResyProApp.swift */ = {isa = PBXFileReference; lastKnownFileType = sourcecode.swift; path = ResyProApp.swift; sourceTree = "<group>"; };
		57199D2E2C2314F600AE2F8B /* Assets.xcassets */ = {isa = PBXFileReference; lastKnownFileType = folder.assetcatalog; path = Assets.xcassets; sourceTree = "<group>"; };
		57199D302C2314F600AE2F8B /* ResyPro.entitlements */ = {isa = PBXFileReference; lastKnownFileType = text.plist.entitlements; path = ResyPro.entitlements; sourceTree = "<group>"; };
		57199D322C2314F600AE2F8B /* Preview Assets.xcassets */ = {isa = PBXFileReference; lastKnownFileType = folder.assetcatalog; path = "Preview Assets.xcassets"; sourceTree = "<group>"; };
		57199D382C2314F600AE2F8B /* ResyProTests.xctest */ = {isa = PBXFileReference; explicitFileType = wrapper.cfbundle; includeInIndex = 0; path = ResyProTests.xctest; sourceTree = BUILT_PRODUCTS_DIR; };
		57199D3C2C2314F600AE2F8B /* ResyProTests.swift */ = {isa = PBXFileReference; lastKnownFileType = sourcecode.swift; path = ResyProTests.swift; sourceTree = "<group>"; };
		57199D422C2314F600AE2F8B /* ResyProUITests.xctest */ = {isa = PBXFileReference; explicitFileType = wrapper.cfbundle; includeInIndex = 0; path = ResyProUITests.xctest; sourceTree = BUILT_PRODUCTS_DIR; };
		57199D462C2314F600AE2F8B /* ResyProUITests.swift */ = {isa = PBXFileReference; lastKnownFileType = sourcecode.swift; path = ResyProUITests.swift; sourceTree = "<group>"; };
		57199D482C2314F600AE2F8B /* ResyProUITestsLaunchTests.swift */ = {isa = PBXFileReference; lastKnownFileType = sourcecode.swift; path = ResyProUITestsLaunchTests.swift; sourceTree = "<group>"; };
		57199D7B2C23169A00AE2F8B /* CreateReservationView.swift */ = {isa = PBXFileReference; lastKnownFileType = sourcecode.swift; path = CreateReservationView.swift; sourceTree = "<group>"; };
		57199D7D2C2316A100AE2F8B /* CreateReservationViewModel.swift */ = {isa = PBXFileReference; lastKnownFileType = sourcecode.swift; path = CreateReservationViewModel.swift; sourceTree = "<group>"; };
		57199D822C2316E300AE2F8B /* GetBookingTokenEndpoint.swift */ = {isa = PBXFileReference; lastKnownFileType = sourcecode.swift; path = GetBookingTokenEndpoint.swift; sourceTree = "<group>"; };
		57199D842C23175C00AE2F8B /* ReservationResponse.swift */ = {isa = PBXFileReference; lastKnownFileType = sourcecode.swift; path = ReservationResponse.swift; sourceTree = "<group>"; };
		57199D8A2C23181000AE2F8B /* GetAvailableSlotsEndpoint.swift */ = {isa = PBXFileReference; lastKnownFileType = sourcecode.swift; path = GetAvailableSlotsEndpoint.swift; sourceTree = "<group>"; };
		57199D902C231A4600AE2F8B /* GetExistingReservationsEndpoint.swift */ = {isa = PBXFileReference; lastKnownFileType = sourcecode.swift; path = GetExistingReservationsEndpoint.swift; sourceTree = "<group>"; };
		57199D932C2338BE00AE2F8B /* ConfirmBookingEndpoint.swift */ = {isa = PBXFileReference; lastKnownFileType = sourcecode.swift; path = ConfirmBookingEndpoint.swift; sourceTree = "<group>"; };
		57199DAF2C233B6C00AE2F8B /* RootView.swift */ = {isa = PBXFileReference; lastKnownFileType = sourcecode.swift; path = RootView.swift; sourceTree = "<group>"; };
		57199DB22C233B8900AE2F8B /* MainTabView.swift */ = {isa = PBXFileReference; lastKnownFileType = sourcecode.swift; path = MainTabView.swift; sourceTree = "<group>"; };
		57199DB52C233EDC00AE2F8B /* ResyAPIService.swift */ = {isa = PBXFileReference; lastKnownFileType = sourcecode.swift; path = ResyAPIService.swift; sourceTree = "<group>"; };
		57199DB72C23401100AE2F8B /* GetAvailableSlotsResponse.swift */ = {isa = PBXFileReference; lastKnownFileType = sourcecode.swift; path = GetAvailableSlotsResponse.swift; sourceTree = "<group>"; };
		57199DBB2C23421500AE2F8B /* GetAvailableSlotsUseCase.swift */ = {isa = PBXFileReference; lastKnownFileType = sourcecode.swift; path = GetAvailableSlotsUseCase.swift; sourceTree = "<group>"; };
		57199DBD2C23427300AE2F8B /* GetAvailableSlotsRequest.swift */ = {isa = PBXFileReference; lastKnownFileType = sourcecode.swift; path = GetAvailableSlotsRequest.swift; sourceTree = "<group>"; };
		57199DC62C23454600AE2F8B /* AvailableReservation.swift */ = {isa = PBXFileReference; lastKnownFileType = sourcecode.swift; path = AvailableReservation.swift; sourceTree = "<group>"; };
		57199DC92C23455800AE2F8B /* AvailableReservationsStore.swift */ = {isa = PBXFileReference; lastKnownFileType = sourcecode.swift; path = AvailableReservationsStore.swift; sourceTree = "<group>"; };
		57199DCB2C23459100AE2F8B /* Resy+TypeAlias.swift */ = {isa = PBXFileReference; lastKnownFileType = sourcecode.swift; path = "Resy+TypeAlias.swift"; sourceTree = "<group>"; };
		57199DCD2C2345B800AE2F8B /* BookingAvailabilityStatus.swift */ = {isa = PBXFileReference; lastKnownFileType = sourcecode.swift; path = BookingAvailabilityStatus.swift; sourceTree = "<group>"; };
		57199DCF2C2345C300AE2F8B /* ResySlotConfigType.swift */ = {isa = PBXFileReference; lastKnownFileType = sourcecode.swift; path = ResySlotConfigType.swift; sourceTree = "<group>"; };
		57199DD22C23462700AE2F8B /* AvailableReservationsRepository.swift */ = {isa = PBXFileReference; lastKnownFileType = sourcecode.swift; path = AvailableReservationsRepository.swift; sourceTree = "<group>"; };
		572503E62C2797A50076EECB /* ScheduleReservationFormView.swift */ = {isa = PBXFileReference; lastKnownFileType = sourcecode.swift; path = ScheduleReservationFormView.swift; sourceTree = "<group>"; };
		572503ED2C279B830076EECB /* ScheduleReservationFormView+ViewModel.swift */ = {isa = PBXFileReference; lastKnownFileType = sourcecode.swift; path = "ScheduleReservationFormView+ViewModel.swift"; sourceTree = "<group>"; };
		5726571C2DDC18650098C603 /* CheckAvailableReservationsEndpoint.swift */ = {isa = PBXFileReference; lastKnownFileType = sourcecode.swift; path = CheckAvailableReservationsEndpoint.swift; sourceTree = "<group>"; };
		5726571D2DDC18650098C603 /* CheckAvailableReservationsRequest.swift */ = {isa = PBXFileReference; lastKnownFileType = sourcecode.swift; path = CheckAvailableReservationsRequest.swift; sourceTree = "<group>"; };
		5734986D2C24D7AA00DBB916 /* ScheduleReservationUseCase.swift */ = {isa = PBXFileReference; lastKnownFileType = sourcecode.swift; path = ScheduleReservationUseCase.swift; sourceTree = "<group>"; };
		5734986F2C24D7D000DBB916 /* Info.plist */ = {isa = PBXFileReference; lastKnownFileType = text.plist; path = Info.plist; sourceTree = "<group>"; };
		573498712C24E2C000DBB916 /* ScheduleReservationEndpoint.swift */ = {isa = PBXFileReference; lastKnownFileType = sourcecode.swift; path = ScheduleReservationEndpoint.swift; sourceTree = "<group>"; };
		574013AC2C2E0B1000DAD86B /* AutomaticScheduleBookingView.swift */ = {isa = PBXFileReference; lastKnownFileType = sourcecode.swift; path = AutomaticScheduleBookingView.swift; sourceTree = "<group>"; };
		5773DC112DE7C86D004C4016 /* Bootstrap */ = {isa = PBXFileReference; lastKnownFileType = wrapper; path = Bootstrap; sourceTree = "<group>"; };
		57865CCF2C2D9571006C7D68 /* ManualScheduleBookingView.swift */ = {isa = PBXFileReference; lastKnownFileType = sourcecode.swift; path = ManualScheduleBookingView.swift; sourceTree = "<group>"; };
		57A01E9C2DDBF6D100569C82 /* WebSocketLifecycleHandler.swift */ = {isa = PBXFileReference; lastKnownFileType = sourcecode.swift; path = WebSocketLifecycleHandler.swift; sourceTree = "<group>"; };
		57A236762DDA68FF00CA2334 /* LogoutUseCase.swift */ = {isa = PBXFileReference; lastKnownFileType = sourcecode.swift; path = LogoutUseCase.swift; sourceTree = "<group>"; };
		57A2367D2DDA6AC200CA2334 /* Authentication */ = {isa = PBXFileReference; lastKnownFileType = wrapper; path = Authentication; sourceTree = "<group>"; };
		57A2367E2DDA6ACA00CA2334 /* Onboarding */ = {isa = PBXFileReference; lastKnownFileType = wrapper; path = Onboarding; sourceTree = "<group>"; };
		57CB3D322DE925D7007AFF8B /* MainTabView+Tab.swift */ = {isa = PBXFileReference; lastKnownFileType = sourcecode.swift; path = "MainTabView+Tab.swift"; sourceTree = "<group>"; };
		57D8C6852DD8F3610031F4BC /* ProfileView.swift */ = {isa = PBXFileReference; lastKnownFileType = sourcecode.swift; path = ProfileView.swift; sourceTree = "<group>"; };
		57D8C6892DD96C5E0031F4BC /* Websockets */ = {isa = PBXFileReference; lastKnownFileType = wrapper; path = Websockets; sourceTree = "<group>"; };
		57D8C68B2DD983FD0031F4BC /* DataController.swift */ = {isa = PBXFileReference; lastKnownFileType = sourcecode.swift; path = DataController.swift; sourceTree = "<group>"; };
		57E8AA132DD4125D00736FCD /* User */ = {isa = PBXFileReference; lastKnownFileType = wrapper; path = User; sourceTree = "<group>"; };
		57EA7E9C2DD0D88400E25108 /* Network */ = {isa = PBXFileReference; lastKnownFileType = wrapper; path = Network; sourceTree = "<group>"; };
		57EA7EBC2DD0E2B000E25108 /* DesignSystem */ = {isa = PBXFileReference; lastKnownFileType = wrapper; path = DesignSystem; sourceTree = "<group>"; };
		57FAFD402DD0E7180059A036 /* Venues */ = {isa = PBXFileReference; lastKnownFileType = wrapper; path = Venues; sourceTree = "<group>"; };
		57FAFD412DD0E83B0059A036 /* ProjectFoundation */ = {isa = PBXFileReference; lastKnownFileType = wrapper; path = ProjectFoundation; sourceTree = "<group>"; };
		57FAFD442DD111FF0059A036 /* SeatingOptionSelectionView.swift */ = {isa = PBXFileReference; lastKnownFileType = sourcecode.swift; path = SeatingOptionSelectionView.swift; sourceTree = "<group>"; };
		57FAFD452DD111FF0059A036 /* SeatingOptionView.swift */ = {isa = PBXFileReference; lastKnownFileType = sourcecode.swift; path = SeatingOptionView.swift; sourceTree = "<group>"; };
		57FAFD462DD111FF0059A036 /* SeatingOptionViewType.swift */ = {isa = PBXFileReference; lastKnownFileType = sourcecode.swift; path = SeatingOptionViewType.swift; sourceTree = "<group>"; };
		57FAFD4C2DD151690059A036 /* Notifications */ = {isa = PBXFileReference; lastKnownFileType = wrapper; path = Notifications; sourceTree = "<group>"; };
/* End PBXFileReference section */

/* Begin PBXFileSystemSynchronizedRootGroup section */
		571FB3DB2DEA6E1300CCDB8C /* Network */ = {isa = PBXFileSystemSynchronizedRootGroup; explicitFileTypes = {}; explicitFolders = (); path = Network; sourceTree = "<group>"; };
		574D9EAC2DD98CB1004DB91D /* Debug */ = {isa = PBXFileSystemSynchronizedRootGroup; explicitFileTypes = {}; explicitFolders = (); path = Debug; sourceTree = "<group>"; };
		5773DC122DE7C9F2004C4016 /* Bootstrap */ = {isa = PBXFileSystemSynchronizedRootGroup; explicitFileTypes = {}; explicitFolders = (); path = Bootstrap; sourceTree = "<group>"; };
/* End PBXFileSystemSynchronizedRootGroup section */

/* Begin PBXFrameworksBuildPhase section */
		57199D222C2314F500AE2F8B /* Frameworks */ = {
			isa = PBXFrameworksBuildPhase;
			buildActionMask = 2147483647;
			files = (
				57EA7EA22DD0E06C00E25108 /* DesignSystem in Frameworks */,
				57FAFD432DD0EC4A0059A036 /* Venues in Frameworks */,
				5773DC182DE7CA21004C4016 /* Bootstrap in Frameworks */,
				5717614E2DD98DA100E2EF8A /* DebugTools in Frameworks */,
				572503FD2C28D9180076EECB /* NukeUI in Frameworks */,
				57AC63022DD9848E003C2BA8 /* Websockets in Frameworks */,
				57768FA32DDA724F0018F62F /* Onboarding in Frameworks */,
				57E8C2402DD412A50075E615 /* User in Frameworks */,
				57EA7E9F2DD0DA2D00E25108 /* Network in Frameworks */,
				572503F92C28D9180076EECB /* Nuke in Frameworks */,
				572503FB2C28D9180076EECB /* NukeExtensions in Frameworks */,
				57FAFD4E2DD153060059A036 /* Notifications in Frameworks */,
				57768FA12DDA724B0018F62F /* Authentication in Frameworks */,
			);
			runOnlyForDeploymentPostprocessing = 0;
		};
		57199D352C2314F600AE2F8B /* Frameworks */ = {
			isa = PBXFrameworksBuildPhase;
			buildActionMask = 2147483647;
			files = (
			);
			runOnlyForDeploymentPostprocessing = 0;
		};
		57199D3F2C2314F600AE2F8B /* Frameworks */ = {
			isa = PBXFrameworksBuildPhase;
			buildActionMask = 2147483647;
			files = (
			);
			runOnlyForDeploymentPostprocessing = 0;
		};
/* End PBXFrameworksBuildPhase section */

/* Begin PBXGroup section */
		57168CEA2C234888009E6150 /* AvailableReservationsView */ = {
			isa = PBXGroup;
			children = (
				57168CEB2C2348EC009E6150 /* AvailableReservationsView.swift */,
				57168CFC2C235350009E6150 /* AvailableReservationsView+ViewModel.swift */,
			);
			path = AvailableReservationsView;
			sourceTree = "<group>";
		};
		57168CF22C234BE4009E6150 /* AvailableReservationsGridView */ = {
			isa = PBXGroup;
			children = (
				57168CF32C234C19009E6150 /* AvailableReservationsGridView.swift */,
			);
			path = AvailableReservationsGridView;
			sourceTree = "<group>";
		};
		57168D0A2C235F26009E6150 /* AvailableReservationSlotView */ = {
			isa = PBXGroup;
			children = (
				57168D0B2C235F33009E6150 /* AvailableReservationSlotView.swift */,
			);
			path = AvailableReservationSlotView;
			sourceTree = "<group>";
		};
		57168D242C2381B0009E6150 /* CreateReservationForm */ = {
			isa = PBXGroup;
			children = (
				57168D252C2381F2009E6150 /* CreateReservationFormView.swift */,
			);
			path = CreateReservationForm;
			sourceTree = "<group>";
		};
		57168D272C238224009E6150 /* Models */ = {
			isa = PBXGroup;
			children = (
			);
			path = Models;
			sourceTree = "<group>";
		};
		57168D282C23864B009E6150 /* ScheduleReservation */ = {
			isa = PBXGroup;
			children = (
				573498702C24E2B400DBB916 /* Network */,
				5734986C2C24D79000DBB916 /* UseCases */,
				57168D2B2C23865A009E6150 /* Views */,
				57168D2A2C238656009E6150 /* Models */,
				57168D292C238653009E6150 /* Data */,
			);
			path = ScheduleReservation;
			sourceTree = "<group>";
		};
		57168D292C238653009E6150 /* Data */ = {
			isa = PBXGroup;
			children = (
			);
			path = Data;
			sourceTree = "<group>";
		};
		57168D2A2C238656009E6150 /* Models */ = {
			isa = PBXGroup;
			children = (
				57168D302C2386D7009E6150 /* ScheduledReservation.swift */,
			);
			path = Models;
			sourceTree = "<group>";
		};
		57168D2B2C23865A009E6150 /* Views */ = {
			isa = PBXGroup;
			children = (
				572503EC2C279B790076EECB /* ScheduleReservationFormView */,
				57168D2C2C238665009E6150 /* ScheduleReservationHomeView.swift */,
				57168D2E2C23869E009E6150 /* ScheduledReservationsCarouselView.swift */,
				57FAFD472DD111FF0059A036 /* SeatingOptionSelectionView */,
			);
			path = Views;
			sourceTree = "<group>";
		};
		57199D1C2C2314F500AE2F8B = {
			isa = PBXGroup;
			children = (
				57199D272C2314F500AE2F8B /* ResyPro */,
				57199D3B2C2314F600AE2F8B /* ResyProTests */,
				57199D452C2314F600AE2F8B /* ResyProUITests */,
				57199D262C2314F500AE2F8B /* Products */,
				572503F72C28D9180076EECB /* Frameworks */,
			);
			sourceTree = "<group>";
		};
		57199D262C2314F500AE2F8B /* Products */ = {
			isa = PBXGroup;
			children = (
				57199D252C2314F500AE2F8B /* ResyPro.app */,
				57199D382C2314F600AE2F8B /* ResyProTests.xctest */,
				57199D422C2314F600AE2F8B /* ResyProUITests.xctest */,
			);
			name = Products;
			sourceTree = "<group>";
		};
		57199D272C2314F500AE2F8B /* ResyPro */ = {
			isa = PBXGroup;
			children = (
				571FB3DB2DEA6E1300CCDB8C /* Network */,
				5773DC122DE7C9F2004C4016 /* Bootstrap */,
				574D9EAC2DD98CB1004DB91D /* Debug */,
				5734986F2C24D7D000DBB916 /* Info.plist */,
				57D8C6872DD8F3610031F4BC /* Profile */,
				57168D282C23864B009E6150 /* ScheduleReservation */,
				57199DBF2C2344DC00AE2F8B /* AvailableSlots */,
				57199DA22C233A5200AE2F8B /* Resy */,
				57199D9F2C233A2B00AE2F8B /* Application */,
				57199D7A2C23168900AE2F8B /* CreateReservation */,
				57199D2E2C2314F600AE2F8B /* Assets.xcassets */,
				57199D302C2314F600AE2F8B /* ResyPro.entitlements */,
				57199D312C2314F600AE2F8B /* Preview Content */,
				57EA7E9A2DD0D73300E25108 /* Packages */,
			);
			path = ResyPro;
			sourceTree = "<group>";
		};
		57199D312C2314F600AE2F8B /* Preview Content */ = {
			isa = PBXGroup;
			children = (
				57199D322C2314F600AE2F8B /* Preview Assets.xcassets */,
			);
			path = "Preview Content";
			sourceTree = "<group>";
		};
		57199D3B2C2314F600AE2F8B /* ResyProTests */ = {
			isa = PBXGroup;
			children = (
				57199D3C2C2314F600AE2F8B /* ResyProTests.swift */,
			);
			path = ResyProTests;
			sourceTree = "<group>";
		};
		57199D452C2314F600AE2F8B /* ResyProUITests */ = {
			isa = PBXGroup;
			children = (
				57199D462C2314F600AE2F8B /* ResyProUITests.swift */,
				57199D482C2314F600AE2F8B /* ResyProUITestsLaunchTests.swift */,
			);
			path = ResyProUITests;
			sourceTree = "<group>";
		};
		57199D7A2C23168900AE2F8B /* CreateReservation */ = {
			isa = PBXGroup;
			children = (
				57168D272C238224009E6150 /* Models */,
				57199D812C2316D900AE2F8B /* Network */,
				57199D802C2316D600AE2F8B /* Data */,
				57199D7F2C2316D100AE2F8B /* View */,
			);
			path = CreateReservation;
			sourceTree = "<group>";
		};
		57199D7F2C2316D100AE2F8B /* View */ = {
			isa = PBXGroup;
			children = (
				57168D242C2381B0009E6150 /* CreateReservationForm */,
				57199D7B2C23169A00AE2F8B /* CreateReservationView.swift */,
				57199D7D2C2316A100AE2F8B /* CreateReservationViewModel.swift */,
			);
			path = View;
			sourceTree = "<group>";
		};
		57199D802C2316D600AE2F8B /* Data */ = {
			isa = PBXGroup;
			children = (
			);
			path = Data;
			sourceTree = "<group>";
		};
		57199D812C2316D900AE2F8B /* Network */ = {
			isa = PBXGroup;
			children = (
				57199D922C2338B500AE2F8B /* ConfirmBooking */,
				57199D8F2C231A3900AE2F8B /* ExistingReservations */,
				57199D882C2317EE00AE2F8B /* CreateReservation */,
				57199DB52C233EDC00AE2F8B /* ResyAPIService.swift */,
			);
			path = Network;
			sourceTree = "<group>";
		};
		57199D882C2317EE00AE2F8B /* CreateReservation */ = {
			isa = PBXGroup;
			children = (
				57199D822C2316E300AE2F8B /* GetBookingTokenEndpoint.swift */,
				57199D842C23175C00AE2F8B /* ReservationResponse.swift */,
			);
			path = CreateReservation;
			sourceTree = "<group>";
		};
		57199D892C2317F500AE2F8B /* AvailableSlots */ = {
			isa = PBXGroup;
			children = (
				57199D8A2C23181000AE2F8B /* GetAvailableSlotsEndpoint.swift */,
				57199DB72C23401100AE2F8B /* GetAvailableSlotsResponse.swift */,
				57199DBD2C23427300AE2F8B /* GetAvailableSlotsRequest.swift */,
			);
			path = AvailableSlots;
			sourceTree = "<group>";
		};
		57199D8F2C231A3900AE2F8B /* ExistingReservations */ = {
			isa = PBXGroup;
			children = (
				57199D902C231A4600AE2F8B /* GetExistingReservationsEndpoint.swift */,
			);
			path = ExistingReservations;
			sourceTree = "<group>";
		};
		57199D922C2338B500AE2F8B /* ConfirmBooking */ = {
			isa = PBXGroup;
			children = (
				57199D932C2338BE00AE2F8B /* ConfirmBookingEndpoint.swift */,
			);
			path = ConfirmBooking;
			sourceTree = "<group>";
		};
		57199D9F2C233A2B00AE2F8B /* Application */ = {
			isa = PBXGroup;
			children = (
				57D8C68A2DD983F40031F4BC /* ModelSchema */,
				57199D282C2314F500AE2F8B /* ResyProApp.swift */,
				57199DB12C233B8300AE2F8B /* Views */,
			);
			path = Application;
			sourceTree = "<group>";
		};
		57199DA22C233A5200AE2F8B /* Resy */ = {
			isa = PBXGroup;
			children = (
				57199DA32C233A5600AE2F8B /* Models */,
			);
			path = Resy;
			sourceTree = "<group>";
		};
		57199DA32C233A5600AE2F8B /* Models */ = {
			isa = PBXGroup;
			children = (
				57199DCB2C23459100AE2F8B /* Resy+TypeAlias.swift */,
			);
			path = Models;
			sourceTree = "<group>";
		};
		57199DB12C233B8300AE2F8B /* Views */ = {
			isa = PBXGroup;
			children = (
				57CB3D312DE925D2007AFF8B /* MainTabView */,
				57199DAF2C233B6C00AE2F8B /* RootView.swift */,
				57A01E9C2DDBF6D100569C82 /* WebSocketLifecycleHandler.swift */,
			);
			path = Views;
			sourceTree = "<group>";
		};
		57199DBA2C23419500AE2F8B /* UseCase */ = {
			isa = PBXGroup;
			children = (
				57199DBB2C23421500AE2F8B /* GetAvailableSlotsUseCase.swift */,
			);
			path = UseCase;
			sourceTree = "<group>";
		};
		57199DBF2C2344DC00AE2F8B /* AvailableSlots */ = {
			isa = PBXGroup;
			children = (
				57199DBA2C23419500AE2F8B /* UseCase */,
				57199DC22C2344E900AE2F8B /* Views */,
				57199DC12C2344E600AE2F8B /* Data */,
				57199DC02C2344E300AE2F8B /* Network */,
			);
			path = AvailableSlots;
			sourceTree = "<group>";
		};
		57199DC02C2344E300AE2F8B /* Network */ = {
			isa = PBXGroup;
			children = (
				57199D892C2317F500AE2F8B /* AvailableSlots */,
				5726571E2DDC18650098C603 /* AvailableReservations */,
			);
			path = Network;
			sourceTree = "<group>";
		};
		57199DC12C2344E600AE2F8B /* Data */ = {
			isa = PBXGroup;
			children = (
				57199DD12C23461A00AE2F8B /* Repository */,
				57199DC82C23455300AE2F8B /* Stores */,
				57199DC32C23451400AE2F8B /* Models */,
			);
			path = Data;
			sourceTree = "<group>";
		};
		57199DC22C2344E900AE2F8B /* Views */ = {
			isa = PBXGroup;
			children = (
				57168D0A2C235F26009E6150 /* AvailableReservationSlotView */,
				57168CF22C234BE4009E6150 /* AvailableReservationsGridView */,
				57168CEA2C234888009E6150 /* AvailableReservationsView */,
			);
			path = Views;
			sourceTree = "<group>";
		};
		57199DC32C23451400AE2F8B /* Models */ = {
			isa = PBXGroup;
			children = (
				57199DC62C23454600AE2F8B /* AvailableReservation.swift */,
				57199DCD2C2345B800AE2F8B /* BookingAvailabilityStatus.swift */,
				57199DCF2C2345C300AE2F8B /* ResySlotConfigType.swift */,
			);
			path = Models;
			sourceTree = "<group>";
		};
		57199DC82C23455300AE2F8B /* Stores */ = {
			isa = PBXGroup;
			children = (
				57199DC92C23455800AE2F8B /* AvailableReservationsStore.swift */,
			);
			path = Stores;
			sourceTree = "<group>";
		};
		57199DD12C23461A00AE2F8B /* Repository */ = {
			isa = PBXGroup;
			children = (
				57199DD22C23462700AE2F8B /* AvailableReservationsRepository.swift */,
				57168D082C235C09009E6150 /* AvailableReservationResponseMapper.swift */,
			);
			path = Repository;
			sourceTree = "<group>";
		};
		572503EC2C279B790076EECB /* ScheduleReservationFormView */ = {
			isa = PBXGroup;
			children = (
				57865CCE2C2D955E006C7D68 /* ManualScheduleBookingView */,
				572503E62C2797A50076EECB /* ScheduleReservationFormView.swift */,
				572503ED2C279B830076EECB /* ScheduleReservationFormView+ViewModel.swift */,
			);
			path = ScheduleReservationFormView;
			sourceTree = "<group>";
		};
		572503F72C28D9180076EECB /* Frameworks */ = {
			isa = PBXGroup;
			children = (
			);
			name = Frameworks;
			sourceTree = "<group>";
		};
		5726571E2DDC18650098C603 /* AvailableReservations */ = {
			isa = PBXGroup;
			children = (
				5726571C2DDC18650098C603 /* CheckAvailableReservationsEndpoint.swift */,
				5726571D2DDC18650098C603 /* CheckAvailableReservationsRequest.swift */,
			);
			path = AvailableReservations;
			sourceTree = "<group>";
		};
		5734986C2C24D79000DBB916 /* UseCases */ = {
			isa = PBXGroup;
			children = (
				5734986D2C24D7AA00DBB916 /* ScheduleReservationUseCase.swift */,
			);
			path = UseCases;
			sourceTree = "<group>";
		};
		573498702C24E2B400DBB916 /* Network */ = {
			isa = PBXGroup;
			children = (
				573498712C24E2C000DBB916 /* ScheduleReservationEndpoint.swift */,
			);
			path = Network;
			sourceTree = "<group>";
		};
		57865CCE2C2D955E006C7D68 /* ManualScheduleBookingView */ = {
			isa = PBXGroup;
			children = (
				57865CCF2C2D9571006C7D68 /* ManualScheduleBookingView.swift */,
				574013AC2C2E0B1000DAD86B /* AutomaticScheduleBookingView.swift */,
			);
			path = ManualScheduleBookingView;
			sourceTree = "<group>";
		};
		57A236772DDA68FF00CA2334 /* UseCases */ = {
			isa = PBXGroup;
			children = (
				57A236762DDA68FF00CA2334 /* LogoutUseCase.swift */,
			);
			path = UseCases;
			sourceTree = "<group>";
		};
		57CB3D312DE925D2007AFF8B /* MainTabView */ = {
			isa = PBXGroup;
			children = (
				57CB3D322DE925D7007AFF8B /* MainTabView+Tab.swift */,
				57199DB22C233B8900AE2F8B /* MainTabView.swift */,
			);
			path = MainTabView;
			sourceTree = "<group>";
		};
		57D8C6862DD8F3610031F4BC /* Views */ = {
			isa = PBXGroup;
			children = (
				57D8C6852DD8F3610031F4BC /* ProfileView.swift */,
			);
			path = Views;
			sourceTree = "<group>";
		};
		57D8C6872DD8F3610031F4BC /* Profile */ = {
			isa = PBXGroup;
			children = (
				57D8C6862DD8F3610031F4BC /* Views */,
				57A236772DDA68FF00CA2334 /* UseCases */,
			);
			path = Profile;
			sourceTree = "<group>";
		};
		57D8C68A2DD983F40031F4BC /* ModelSchema */ = {
			isa = PBXGroup;
			children = (
				57D8C68B2DD983FD0031F4BC /* DataController.swift */,
			);
			path = ModelSchema;
			sourceTree = "<group>";
		};
		57EA7E9A2DD0D73300E25108 /* Packages */ = {
			isa = PBXGroup;
			children = (
				5773DC112DE7C86D004C4016 /* Bootstrap */,
				57EA7EBC2DD0E2B000E25108 /* DesignSystem */,
				57EA7E9C2DD0D88400E25108 /* Network */,
				57E8AA132DD4125D00736FCD /* User */,
				57FAFD402DD0E7180059A036 /* Venues */,
				57FAFD412DD0E83B0059A036 /* ProjectFoundation */,
				57FAFD4C2DD151690059A036 /* Notifications */,
				57D8C6892DD96C5E0031F4BC /* Websockets */,
				5717614A2DD98D5A00E2EF8A /* DebugTools */,
				57A2367D2DDA6AC200CA2334 /* Authentication */,
				57A2367E2DDA6ACA00CA2334 /* Onboarding */,
			);
			path = Packages;
			sourceTree = "<group>";
		};
		57FAFD472DD111FF0059A036 /* SeatingOptionSelectionView */ = {
			isa = PBXGroup;
			children = (
				57FAFD442DD111FF0059A036 /* SeatingOptionSelectionView.swift */,
				57FAFD452DD111FF0059A036 /* SeatingOptionView.swift */,
				57FAFD462DD111FF0059A036 /* SeatingOptionViewType.swift */,
			);
			path = SeatingOptionSelectionView;
			sourceTree = "<group>";
		};
/* End PBXGroup section */

/* Begin PBXNativeTarget section */
		57199D242C2314F500AE2F8B /* ResyPro */ = {
			isa = PBXNativeTarget;
			buildConfigurationList = 57199D4C2C2314F600AE2F8B /* Build configuration list for PBXNativeTarget "ResyPro" */;
			buildPhases = (
				57199D212C2314F500AE2F8B /* Sources */,
				57199D222C2314F500AE2F8B /* Frameworks */,
				57199D232C2314F500AE2F8B /* Resources */,
			);
			buildRules = (
			);
			dependencies = (
			);
			fileSystemSynchronizedGroups = (
				571FB3DB2DEA6E1300CCDB8C /* Network */,
				574D9EAC2DD98CB1004DB91D /* Debug */,
				5773DC122DE7C9F2004C4016 /* Bootstrap */,
			);
			name = ResyPro;
			packageProductDependencies = (
				572503F82C28D9180076EECB /* Nuke */,
				572503FA2C28D9180076EECB /* NukeExtensions */,
				572503FC2C28D9180076EECB /* NukeUI */,
				57EA7E9E2DD0DA2D00E25108 /* Network */,
				57EA7EA12DD0E06C00E25108 /* DesignSystem */,
				57FAFD422DD0EC4A0059A036 /* Venues */,
				57FAFD4D2DD153060059A036 /* Notifications */,
				57E8C23F2DD412A50075E615 /* User */,
				57AC63012DD9848E003C2BA8 /* Websockets */,
				5717614D2DD98DA100E2EF8A /* DebugTools */,
				57768FA02DDA724B0018F62F /* Authentication */,
				57768FA22DDA724F0018F62F /* Onboarding */,
				5773DC172DE7CA21004C4016 /* Bootstrap */,
			);
			productName = ResyPro;
			productReference = 57199D252C2314F500AE2F8B /* ResyPro.app */;
			productType = "com.apple.product-type.application";
		};
		57199D372C2314F600AE2F8B /* ResyProTests */ = {
			isa = PBXNativeTarget;
			buildConfigurationList = 57199D4F2C2314F600AE2F8B /* Build configuration list for PBXNativeTarget "ResyProTests" */;
			buildPhases = (
				57199D342C2314F600AE2F8B /* Sources */,
				57199D352C2314F600AE2F8B /* Frameworks */,
				57199D362C2314F600AE2F8B /* Resources */,
			);
			buildRules = (
			);
			dependencies = (
				57199D3A2C2314F600AE2F8B /* PBXTargetDependency */,
			);
			name = ResyProTests;
			productName = ResyProTests;
			productReference = 57199D382C2314F600AE2F8B /* ResyProTests.xctest */;
			productType = "com.apple.product-type.bundle.unit-test";
		};
		57199D412C2314F600AE2F8B /* ResyProUITests */ = {
			isa = PBXNativeTarget;
			buildConfigurationList = 57199D522C2314F600AE2F8B /* Build configuration list for PBXNativeTarget "ResyProUITests" */;
			buildPhases = (
				57199D3E2C2314F600AE2F8B /* Sources */,
				57199D3F2C2314F600AE2F8B /* Frameworks */,
				57199D402C2314F600AE2F8B /* Resources */,
			);
			buildRules = (
			);
			dependencies = (
				57199D442C2314F600AE2F8B /* PBXTargetDependency */,
			);
			name = ResyProUITests;
			productName = ResyProUITests;
			productReference = 57199D422C2314F600AE2F8B /* ResyProUITests.xctest */;
			productType = "com.apple.product-type.bundle.ui-testing";
		};
/* End PBXNativeTarget section */

/* Begin PBXProject section */
		57199D1D2C2314F500AE2F8B /* Project object */ = {
			isa = PBXProject;
			attributes = {
				BuildIndependentTargetsInParallel = 1;
				LastSwiftUpdateCheck = 1530;
				LastUpgradeCheck = 1530;
				TargetAttributes = {
					57199D242C2314F500AE2F8B = {
						CreatedOnToolsVersion = 15.3;
					};
					57199D372C2314F600AE2F8B = {
						CreatedOnToolsVersion = 15.3;
						TestTargetID = 57199D242C2314F500AE2F8B;
					};
					57199D412C2314F600AE2F8B = {
						CreatedOnToolsVersion = 15.3;
						TestTargetID = 57199D242C2314F500AE2F8B;
					};
				};
			};
			buildConfigurationList = 57199D202C2314F500AE2F8B /* Build configuration list for PBXProject "ResyPro" */;
			compatibilityVersion = "Xcode 14.0";
			developmentRegion = en;
			hasScannedForEncodings = 0;
			knownRegions = (
				en,
				Base,
			);
			mainGroup = 57199D1C2C2314F500AE2F8B;
			packageReferences = (
				572503F62C28D8D80076EECB /* XCRemoteSwiftPackageReference "Nuke" */,
				57EA7E9D2DD0D8BA00E25108 /* XCLocalSwiftPackageReference "ResyPro/Packages/Network" */,
				57EA7EBD2DD0E2BA00E25108 /* XCLocalSwiftPackageReference "ResyPro/Packages/DesignSystem" */,
			);
			productRefGroup = 57199D262C2314F500AE2F8B /* Products */;
			projectDirPath = "";
			projectRoot = "";
			targets = (
				57199D242C2314F500AE2F8B /* ResyPro */,
				57199D372C2314F600AE2F8B /* ResyProTests */,
				57199D412C2314F600AE2F8B /* ResyProUITests */,
			);
		};
/* End PBXProject section */

/* Begin PBXResourcesBuildPhase section */
		57199D232C2314F500AE2F8B /* Resources */ = {
			isa = PBXResourcesBuildPhase;
			buildActionMask = 2147483647;
			files = (
				57199D332C2314F600AE2F8B /* Preview Assets.xcassets in Resources */,
				57199D2F2C2314F600AE2F8B /* Assets.xcassets in Resources */,
			);
			runOnlyForDeploymentPostprocessing = 0;
		};
		57199D362C2314F600AE2F8B /* Resources */ = {
			isa = PBXResourcesBuildPhase;
			buildActionMask = 2147483647;
			files = (
			);
			runOnlyForDeploymentPostprocessing = 0;
		};
		57199D402C2314F600AE2F8B /* Resources */ = {
			isa = PBXResourcesBuildPhase;
			buildActionMask = 2147483647;
			files = (
			);
			runOnlyForDeploymentPostprocessing = 0;
		};
/* End PBXResourcesBuildPhase section */

/* Begin PBXSourcesBuildPhase section */
		57199D212C2314F500AE2F8B /* Sources */ = {
			isa = PBXSourcesBuildPhase;
			buildActionMask = 2147483647;
			files = (
				57FAFD482DD111FF0059A036 /* SeatingOptionView.swift in Sources */,
				57A236782DDA68FF00CA2334 /* LogoutUseCase.swift in Sources */,
				57FAFD492DD111FF0059A036 /* SeatingOptionViewType.swift in Sources */,
				57FAFD4A2DD111FF0059A036 /* SeatingOptionSelectionView.swift in Sources */,
				57199D832C2316E300AE2F8B /* GetBookingTokenEndpoint.swift in Sources */,
				57A01E9D2DDBF6D100569C82 /* WebSocketLifecycleHandler.swift in Sources */,
				57168CEC2C2348EC009E6150 /* AvailableReservationsView.swift in Sources */,
				57199DB82C23401100AE2F8B /* GetAvailableSlotsResponse.swift in Sources */,
				57199DC72C23454600AE2F8B /* AvailableReservation.swift in Sources */,
				57199DCC2C23459100AE2F8B /* Resy+TypeAlias.swift in Sources */,
				57199DB32C233B8900AE2F8B /* MainTabView.swift in Sources */,
				57168D2F2C23869E009E6150 /* ScheduledReservationsCarouselView.swift in Sources */,
				57199DCA2C23455800AE2F8B /* AvailableReservationsStore.swift in Sources */,
				57199D292C2314F500AE2F8B /* ResyProApp.swift in Sources */,
				57168D2D2C238665009E6150 /* ScheduleReservationHomeView.swift in Sources */,
				57168D0C2C235F33009E6150 /* AvailableReservationSlotView.swift in Sources */,
				57199D7C2C23169A00AE2F8B /* CreateReservationView.swift in Sources */,
				57168D092C235C09009E6150 /* AvailableReservationResponseMapper.swift in Sources */,
				57199DCE2C2345B800AE2F8B /* BookingAvailabilityStatus.swift in Sources */,
				572503E72C2797A50076EECB /* ScheduleReservationFormView.swift in Sources */,
				57199D912C231A4600AE2F8B /* GetExistingReservationsEndpoint.swift in Sources */,
				57168CFD2C235350009E6150 /* AvailableReservationsView+ViewModel.swift in Sources */,
				57199DB02C233B6C00AE2F8B /* RootView.swift in Sources */,
				574013AD2C2E0B1000DAD86B /* AutomaticScheduleBookingView.swift in Sources */,
				572503EE2C279B830076EECB /* ScheduleReservationFormView+ViewModel.swift in Sources */,
				57199D8B2C23181000AE2F8B /* GetAvailableSlotsEndpoint.swift in Sources */,
				57199DD32C23462700AE2F8B /* AvailableReservationsRepository.swift in Sources */,
				57199DBC2C23421500AE2F8B /* GetAvailableSlotsUseCase.swift in Sources */,
				57199DBE2C23427300AE2F8B /* GetAvailableSlotsRequest.swift in Sources */,
				57168D262C2381F2009E6150 /* CreateReservationFormView.swift in Sources */,
				5726571F2DDC18650098C603 /* CheckAvailableReservationsEndpoint.swift in Sources */,
				572657202DDC18650098C603 /* CheckAvailableReservationsRequest.swift in Sources */,
				573498722C24E2C000DBB916 /* ScheduleReservationEndpoint.swift in Sources */,
				57199D7E2C2316A100AE2F8B /* CreateReservationViewModel.swift in Sources */,
				57865CD02C2D9571006C7D68 /* ManualScheduleBookingView.swift in Sources */,
				57199D852C23175C00AE2F8B /* ReservationResponse.swift in Sources */,
				57199DD02C2345C300AE2F8B /* ResySlotConfigType.swift in Sources */,
				57199D942C2338BE00AE2F8B /* ConfirmBookingEndpoint.swift in Sources */,
				57168D312C2386D7009E6150 /* ScheduledReservation.swift in Sources */,
				57D8C68C2DD983FD0031F4BC /* DataController.swift in Sources */,
				57CB3D332DE925D8007AFF8B /* MainTabView+Tab.swift in Sources */,
				57199DB62C233EDC00AE2F8B /* ResyAPIService.swift in Sources */,
				5734986E2C24D7AA00DBB916 /* ScheduleReservationUseCase.swift in Sources */,
				57D8C6882DD8F3610031F4BC /* ProfileView.swift in Sources */,
				57168CF42C234C19009E6150 /* AvailableReservationsGridView.swift in Sources */,
			);
			runOnlyForDeploymentPostprocessing = 0;
		};
		57199D342C2314F600AE2F8B /* Sources */ = {
			isa = PBXSourcesBuildPhase;
			buildActionMask = 2147483647;
			files = (
				57199D3D2C2314F600AE2F8B /* ResyProTests.swift in Sources */,
			);
			runOnlyForDeploymentPostprocessing = 0;
		};
		57199D3E2C2314F600AE2F8B /* Sources */ = {
			isa = PBXSourcesBuildPhase;
			buildActionMask = 2147483647;
			files = (
				57199D472C2314F600AE2F8B /* ResyProUITests.swift in Sources */,
				57199D492C2314F600AE2F8B /* ResyProUITestsLaunchTests.swift in Sources */,
			);
			runOnlyForDeploymentPostprocessing = 0;
		};
/* End PBXSourcesBuildPhase section */

/* Begin PBXTargetDependency section */
		57199D3A2C2314F600AE2F8B /* PBXTargetDependency */ = {
			isa = PBXTargetDependency;
			target = 57199D242C2314F500AE2F8B /* ResyPro */;
			targetProxy = 57199D392C2314F600AE2F8B /* PBXContainerItemProxy */;
		};
		57199D442C2314F600AE2F8B /* PBXTargetDependency */ = {
			isa = PBXTargetDependency;
			target = 57199D242C2314F500AE2F8B /* ResyPro */;
			targetProxy = 57199D432C2314F600AE2F8B /* PBXContainerItemProxy */;
		};
/* End PBXTargetDependency section */

/* Begin XCBuildConfiguration section */
		57199D4A2C2314F600AE2F8B /* Debug */ = {
			isa = XCBuildConfiguration;
			buildSettings = {
				ALWAYS_SEARCH_USER_PATHS = NO;
				ASSETCATALOG_COMPILER_GENERATE_SWIFT_ASSET_SYMBOL_EXTENSIONS = YES;
				CLANG_ANALYZER_NONNULL = YES;
				CLANG_ANALYZER_NUMBER_OBJECT_CONVERSION = YES_AGGRESSIVE;
				CLANG_CXX_LANGUAGE_STANDARD = "gnu++20";
				CLANG_ENABLE_MODULES = YES;
				CLANG_ENABLE_OBJC_ARC = YES;
				CLANG_ENABLE_OBJC_WEAK = YES;
				CLANG_WARN_BLOCK_CAPTURE_AUTORELEASING = YES;
				CLANG_WARN_BOOL_CONVERSION = YES;
				CLANG_WARN_COMMA = YES;
				CLANG_WARN_CONSTANT_CONVERSION = YES;
				CLANG_WARN_DEPRECATED_OBJC_IMPLEMENTATIONS = YES;
				CLANG_WARN_DIRECT_OBJC_ISA_USAGE = YES_ERROR;
				CLANG_WARN_DOCUMENTATION_COMMENTS = YES;
				CLANG_WARN_EMPTY_BODY = YES;
				CLANG_WARN_ENUM_CONVERSION = YES;
				CLANG_WARN_INFINITE_RECURSION = YES;
				CLANG_WARN_INT_CONVERSION = YES;
				CLANG_WARN_NON_LITERAL_NULL_CONVERSION = YES;
				CLANG_WARN_OBJC_IMPLICIT_RETAIN_SELF = YES;
				CLANG_WARN_OBJC_LITERAL_CONVERSION = YES;
				CLANG_WARN_OBJC_ROOT_CLASS = YES_ERROR;
				CLANG_WARN_QUOTED_INCLUDE_IN_FRAMEWORK_HEADER = YES;
				CLANG_WARN_RANGE_LOOP_ANALYSIS = YES;
				CLANG_WARN_STRICT_PROTOTYPES = YES;
				CLANG_WARN_SUSPICIOUS_MOVE = YES;
				CLANG_WARN_UNGUARDED_AVAILABILITY = YES_AGGRESSIVE;
				CLANG_WARN_UNREACHABLE_CODE = YES;
				CLANG_WARN__DUPLICATE_METHOD_MATCH = YES;
				COPY_PHASE_STRIP = NO;
				DEBUG_INFORMATION_FORMAT = dwarf;
				ENABLE_STRICT_OBJC_MSGSEND = YES;
				ENABLE_TESTABILITY = YES;
				ENABLE_USER_SCRIPT_SANDBOXING = YES;
				GCC_C_LANGUAGE_STANDARD = gnu17;
				GCC_DYNAMIC_NO_PIC = NO;
				GCC_NO_COMMON_BLOCKS = YES;
				GCC_OPTIMIZATION_LEVEL = 0;
				GCC_PREPROCESSOR_DEFINITIONS = (
					"DEBUG=1",
					"$(inherited)",
				);
				GCC_WARN_64_TO_32_BIT_CONVERSION = YES;
				GCC_WARN_ABOUT_RETURN_TYPE = YES_ERROR;
				GCC_WARN_UNDECLARED_SELECTOR = YES;
				GCC_WARN_UNINITIALIZED_AUTOS = YES_AGGRESSIVE;
				GCC_WARN_UNUSED_FUNCTION = YES;
				GCC_WARN_UNUSED_VARIABLE = YES;
				LOCALIZATION_PREFERS_STRING_CATALOGS = YES;
				MTL_ENABLE_DEBUG_INFO = INCLUDE_SOURCE;
				MTL_FAST_MATH = YES;
				ONLY_ACTIVE_ARCH = YES;
				SWIFT_ACTIVE_COMPILATION_CONDITIONS = "DEBUG $(inherited)";
				SWIFT_OPTIMIZATION_LEVEL = "-Onone";
			};
			name = Debug;
		};
		57199D4B2C2314F600AE2F8B /* Release */ = {
			isa = XCBuildConfiguration;
			buildSettings = {
				ALWAYS_SEARCH_USER_PATHS = NO;
				ASSETCATALOG_COMPILER_GENERATE_SWIFT_ASSET_SYMBOL_EXTENSIONS = YES;
				CLANG_ANALYZER_NONNULL = YES;
				CLANG_ANALYZER_NUMBER_OBJECT_CONVERSION = YES_AGGRESSIVE;
				CLANG_CXX_LANGUAGE_STANDARD = "gnu++20";
				CLANG_ENABLE_MODULES = YES;
				CLANG_ENABLE_OBJC_ARC = YES;
				CLANG_ENABLE_OBJC_WEAK = YES;
				CLANG_WARN_BLOCK_CAPTURE_AUTORELEASING = YES;
				CLANG_WARN_BOOL_CONVERSION = YES;
				CLANG_WARN_COMMA = YES;
				CLANG_WARN_CONSTANT_CONVERSION = YES;
				CLANG_WARN_DEPRECATED_OBJC_IMPLEMENTATIONS = YES;
				CLANG_WARN_DIRECT_OBJC_ISA_USAGE = YES_ERROR;
				CLANG_WARN_DOCUMENTATION_COMMENTS = YES;
				CLANG_WARN_EMPTY_BODY = YES;
				CLANG_WARN_ENUM_CONVERSION = YES;
				CLANG_WARN_INFINITE_RECURSION = YES;
				CLANG_WARN_INT_CONVERSION = YES;
				CLANG_WARN_NON_LITERAL_NULL_CONVERSION = YES;
				CLANG_WARN_OBJC_IMPLICIT_RETAIN_SELF = YES;
				CLANG_WARN_OBJC_LITERAL_CONVERSION = YES;
				CLANG_WARN_OBJC_ROOT_CLASS = YES_ERROR;
				CLANG_WARN_QUOTED_INCLUDE_IN_FRAMEWORK_HEADER = YES;
				CLANG_WARN_RANGE_LOOP_ANALYSIS = YES;
				CLANG_WARN_STRICT_PROTOTYPES = YES;
				CLANG_WARN_SUSPICIOUS_MOVE = YES;
				CLANG_WARN_UNGUARDED_AVAILABILITY = YES_AGGRESSIVE;
				CLANG_WARN_UNREACHABLE_CODE = YES;
				CLANG_WARN__DUPLICATE_METHOD_MATCH = YES;
				COPY_PHASE_STRIP = NO;
				DEBUG_INFORMATION_FORMAT = "dwarf-with-dsym";
				ENABLE_NS_ASSERTIONS = NO;
				ENABLE_STRICT_OBJC_MSGSEND = YES;
				ENABLE_USER_SCRIPT_SANDBOXING = YES;
				GCC_C_LANGUAGE_STANDARD = gnu17;
				GCC_NO_COMMON_BLOCKS = YES;
				GCC_WARN_64_TO_32_BIT_CONVERSION = YES;
				GCC_WARN_ABOUT_RETURN_TYPE = YES_ERROR;
				GCC_WARN_UNDECLARED_SELECTOR = YES;
				GCC_WARN_UNINITIALIZED_AUTOS = YES_AGGRESSIVE;
				GCC_WARN_UNUSED_FUNCTION = YES;
				GCC_WARN_UNUSED_VARIABLE = YES;
				LOCALIZATION_PREFERS_STRING_CATALOGS = YES;
				MTL_ENABLE_DEBUG_INFO = NO;
				MTL_FAST_MATH = YES;
				SWIFT_COMPILATION_MODE = wholemodule;
			};
			name = Release;
		};
		57199D4D2C2314F600AE2F8B /* Debug */ = {
			isa = XCBuildConfiguration;
			buildSettings = {
				ASSETCATALOG_COMPILER_APPICON_NAME = AppIcon;
				ASSETCATALOG_COMPILER_GLOBAL_ACCENT_COLOR_NAME = AccentColor;
				CODE_SIGN_ENTITLEMENTS = ResyPro/ResyPro.entitlements;
				CODE_SIGN_STYLE = Automatic;
				CURRENT_PROJECT_VERSION = 1;
				DEVELOPMENT_ASSET_PATHS = "\"ResyPro/Preview Content\"";
				DEVELOPMENT_TEAM = QYB4MXD24F;
				ENABLE_HARDENED_RUNTIME = YES;
				ENABLE_PREVIEWS = YES;
				GENERATE_INFOPLIST_FILE = YES;
				INFOPLIST_FILE = ResyPro/Info.plist;
				"INFOPLIST_KEY_UIApplicationSceneManifest_Generation[sdk=iphoneos*]" = YES;
				"INFOPLIST_KEY_UIApplicationSceneManifest_Generation[sdk=iphonesimulator*]" = YES;
				"INFOPLIST_KEY_UIApplicationSupportsIndirectInputEvents[sdk=iphoneos*]" = YES;
				"INFOPLIST_KEY_UIApplicationSupportsIndirectInputEvents[sdk=iphonesimulator*]" = YES;
				"INFOPLIST_KEY_UILaunchScreen_Generation[sdk=iphoneos*]" = YES;
				"INFOPLIST_KEY_UILaunchScreen_Generation[sdk=iphonesimulator*]" = YES;
				"INFOPLIST_KEY_UIStatusBarStyle[sdk=iphoneos*]" = UIStatusBarStyleDefault;
				"INFOPLIST_KEY_UIStatusBarStyle[sdk=iphonesimulator*]" = UIStatusBarStyleDefault;
				INFOPLIST_KEY_UISupportedInterfaceOrientations_iPad = "UIInterfaceOrientationPortrait UIInterfaceOrientationPortraitUpsideDown UIInterfaceOrientationLandscapeLeft UIInterfaceOrientationLandscapeRight";
				INFOPLIST_KEY_UISupportedInterfaceOrientations_iPhone = "UIInterfaceOrientationPortrait UIInterfaceOrientationLandscapeLeft UIInterfaceOrientationLandscapeRight";
				IPHONEOS_DEPLOYMENT_TARGET = 17.0;
				LD_RUNPATH_SEARCH_PATHS = "@executable_path/Frameworks";
				"LD_RUNPATH_SEARCH_PATHS[sdk=macosx*]" = "@executable_path/../Frameworks";
				MACOSX_DEPLOYMENT_TARGET = 14.0;
				MARKETING_VERSION = 1.0;
				PRODUCT_BUNDLE_IDENTIFIER = benfortier.ResyPro;
				PRODUCT_NAME = "$(TARGET_NAME)";
				SDKROOT = auto;
				SUPPORTED_PLATFORMS = "iphoneos iphonesimulator macosx";
				SWIFT_EMIT_LOC_STRINGS = YES;
				SWIFT_VERSION = 5.0;
				TARGETED_DEVICE_FAMILY = "1,2";
			};
			name = Debug;
		};
		57199D4E2C2314F600AE2F8B /* Release */ = {
			isa = XCBuildConfiguration;
			buildSettings = {
				ASSETCATALOG_COMPILER_APPICON_NAME = AppIcon;
				ASSETCATALOG_COMPILER_GLOBAL_ACCENT_COLOR_NAME = AccentColor;
				CODE_SIGN_ENTITLEMENTS = ResyPro/ResyPro.entitlements;
				CODE_SIGN_STYLE = Automatic;
				CURRENT_PROJECT_VERSION = 1;
				DEVELOPMENT_ASSET_PATHS = "\"ResyPro/Preview Content\"";
				DEVELOPMENT_TEAM = QYB4MXD24F;
				ENABLE_HARDENED_RUNTIME = YES;
				ENABLE_PREVIEWS = YES;
				GENERATE_INFOPLIST_FILE = YES;
				INFOPLIST_FILE = ResyPro/Info.plist;
				"INFOPLIST_KEY_UIApplicationSceneManifest_Generation[sdk=iphoneos*]" = YES;
				"INFOPLIST_KEY_UIApplicationSceneManifest_Generation[sdk=iphonesimulator*]" = YES;
				"INFOPLIST_KEY_UIApplicationSupportsIndirectInputEvents[sdk=iphoneos*]" = YES;
				"INFOPLIST_KEY_UIApplicationSupportsIndirectInputEvents[sdk=iphonesimulator*]" = YES;
				"INFOPLIST_KEY_UILaunchScreen_Generation[sdk=iphoneos*]" = YES;
				"INFOPLIST_KEY_UILaunchScreen_Generation[sdk=iphonesimulator*]" = YES;
				"INFOPLIST_KEY_UIStatusBarStyle[sdk=iphoneos*]" = UIStatusBarStyleDefault;
				"INFOPLIST_KEY_UIStatusBarStyle[sdk=iphonesimulator*]" = UIStatusBarStyleDefault;
				INFOPLIST_KEY_UISupportedInterfaceOrientations_iPad = "UIInterfaceOrientationPortrait UIInterfaceOrientationPortraitUpsideDown UIInterfaceOrientationLandscapeLeft UIInterfaceOrientationLandscapeRight";
				INFOPLIST_KEY_UISupportedInterfaceOrientations_iPhone = "UIInterfaceOrientationPortrait UIInterfaceOrientationLandscapeLeft UIInterfaceOrientationLandscapeRight";
				IPHONEOS_DEPLOYMENT_TARGET = 17.0;
				LD_RUNPATH_SEARCH_PATHS = "@executable_path/Frameworks";
				"LD_RUNPATH_SEARCH_PATHS[sdk=macosx*]" = "@executable_path/../Frameworks";
				MACOSX_DEPLOYMENT_TARGET = 14.0;
				MARKETING_VERSION = 1.0;
				PRODUCT_BUNDLE_IDENTIFIER = benfortier.ResyPro;
				PRODUCT_NAME = "$(TARGET_NAME)";
				SDKROOT = auto;
				SUPPORTED_PLATFORMS = "iphoneos iphonesimulator macosx";
				SWIFT_EMIT_LOC_STRINGS = YES;
				SWIFT_VERSION = 5.0;
				TARGETED_DEVICE_FAMILY = "1,2";
			};
			name = Release;
		};
		57199D502C2314F600AE2F8B /* Debug */ = {
			isa = XCBuildConfiguration;
			buildSettings = {
				ALWAYS_EMBED_SWIFT_STANDARD_LIBRARIES = YES;
				BUNDLE_LOADER = "$(TEST_HOST)";
				CODE_SIGN_STYLE = Automatic;
				CURRENT_PROJECT_VERSION = 1;
				DEVELOPMENT_TEAM = QYB4MXD24F;
				GENERATE_INFOPLIST_FILE = YES;
				IPHONEOS_DEPLOYMENT_TARGET = 17.4;
				MACOSX_DEPLOYMENT_TARGET = 14.3;
				MARKETING_VERSION = 1.0;
				PRODUCT_BUNDLE_IDENTIFIER = benfortier.ResyProTests;
				PRODUCT_NAME = "$(TARGET_NAME)";
				SDKROOT = auto;
				SUPPORTED_PLATFORMS = "iphoneos iphonesimulator macosx";
				SWIFT_EMIT_LOC_STRINGS = NO;
				SWIFT_VERSION = 5.0;
				TARGETED_DEVICE_FAMILY = "1,2";
				TEST_HOST = "$(BUILT_PRODUCTS_DIR)/ResyPro.app/$(BUNDLE_EXECUTABLE_FOLDER_PATH)/ResyPro";
			};
			name = Debug;
		};
		57199D512C2314F600AE2F8B /* Release */ = {
			isa = XCBuildConfiguration;
			buildSettings = {
				ALWAYS_EMBED_SWIFT_STANDARD_LIBRARIES = YES;
				BUNDLE_LOADER = "$(TEST_HOST)";
				CODE_SIGN_STYLE = Automatic;
				CURRENT_PROJECT_VERSION = 1;
				DEVELOPMENT_TEAM = QYB4MXD24F;
				GENERATE_INFOPLIST_FILE = YES;
				IPHONEOS_DEPLOYMENT_TARGET = 17.4;
				MACOSX_DEPLOYMENT_TARGET = 14.3;
				MARKETING_VERSION = 1.0;
				PRODUCT_BUNDLE_IDENTIFIER = benfortier.ResyProTests;
				PRODUCT_NAME = "$(TARGET_NAME)";
				SDKROOT = auto;
				SUPPORTED_PLATFORMS = "iphoneos iphonesimulator macosx";
				SWIFT_EMIT_LOC_STRINGS = NO;
				SWIFT_VERSION = 5.0;
				TARGETED_DEVICE_FAMILY = "1,2";
				TEST_HOST = "$(BUILT_PRODUCTS_DIR)/ResyPro.app/$(BUNDLE_EXECUTABLE_FOLDER_PATH)/ResyPro";
			};
			name = Release;
		};
		57199D532C2314F600AE2F8B /* Debug */ = {
			isa = XCBuildConfiguration;
			buildSettings = {
				ALWAYS_EMBED_SWIFT_STANDARD_LIBRARIES = YES;
				CODE_SIGN_STYLE = Automatic;
				CURRENT_PROJECT_VERSION = 1;
				DEVELOPMENT_TEAM = QYB4MXD24F;
				GENERATE_INFOPLIST_FILE = YES;
				IPHONEOS_DEPLOYMENT_TARGET = 17.4;
				MACOSX_DEPLOYMENT_TARGET = 14.3;
				MARKETING_VERSION = 1.0;
				PRODUCT_BUNDLE_IDENTIFIER = benfortier.ResyProUITests;
				PRODUCT_NAME = "$(TARGET_NAME)";
				SDKROOT = auto;
				SUPPORTED_PLATFORMS = "iphoneos iphonesimulator macosx";
				SWIFT_EMIT_LOC_STRINGS = NO;
				SWIFT_VERSION = 5.0;
				TARGETED_DEVICE_FAMILY = "1,2";
				TEST_TARGET_NAME = ResyPro;
			};
			name = Debug;
		};
		57199D542C2314F600AE2F8B /* Release */ = {
			isa = XCBuildConfiguration;
			buildSettings = {
				ALWAYS_EMBED_SWIFT_STANDARD_LIBRARIES = YES;
				CODE_SIGN_STYLE = Automatic;
				CURRENT_PROJECT_VERSION = 1;
				DEVELOPMENT_TEAM = QYB4MXD24F;
				GENERATE_INFOPLIST_FILE = YES;
				IPHONEOS_DEPLOYMENT_TARGET = 17.4;
				MACOSX_DEPLOYMENT_TARGET = 14.3;
				MARKETING_VERSION = 1.0;
				PRODUCT_BUNDLE_IDENTIFIER = benfortier.ResyProUITests;
				PRODUCT_NAME = "$(TARGET_NAME)";
				SDKROOT = auto;
				SUPPORTED_PLATFORMS = "iphoneos iphonesimulator macosx";
				SWIFT_EMIT_LOC_STRINGS = NO;
				SWIFT_VERSION = 5.0;
				TARGETED_DEVICE_FAMILY = "1,2";
				TEST_TARGET_NAME = ResyPro;
			};
			name = Release;
		};
/* End XCBuildConfiguration section */

/* Begin XCConfigurationList section */
		57199D202C2314F500AE2F8B /* Build configuration list for PBXProject "ResyPro" */ = {
			isa = XCConfigurationList;
			buildConfigurations = (
				57199D4A2C2314F600AE2F8B /* Debug */,
				57199D4B2C2314F600AE2F8B /* Release */,
			);
			defaultConfigurationIsVisible = 0;
			defaultConfigurationName = Release;
		};
		57199D4C2C2314F600AE2F8B /* Build configuration list for PBXNativeTarget "ResyPro" */ = {
			isa = XCConfigurationList;
			buildConfigurations = (
				57199D4D2C2314F600AE2F8B /* Debug */,
				57199D4E2C2314F600AE2F8B /* Release */,
			);
			defaultConfigurationIsVisible = 0;
			defaultConfigurationName = Release;
		};
		57199D4F2C2314F600AE2F8B /* Build configuration list for PBXNativeTarget "ResyProTests" */ = {
			isa = XCConfigurationList;
			buildConfigurations = (
				57199D502C2314F600AE2F8B /* Debug */,
				57199D512C2314F600AE2F8B /* Release */,
			);
			defaultConfigurationIsVisible = 0;
			defaultConfigurationName = Release;
		};
		57199D522C2314F600AE2F8B /* Build configuration list for PBXNativeTarget "ResyProUITests" */ = {
			isa = XCConfigurationList;
			buildConfigurations = (
				57199D532C2314F600AE2F8B /* Debug */,
				57199D542C2314F600AE2F8B /* Release */,
			);
			defaultConfigurationIsVisible = 0;
			defaultConfigurationName = Release;
		};
/* End XCConfigurationList section */

/* Begin XCLocalSwiftPackageReference section */
		57EA7E9D2DD0D8BA00E25108 /* XCLocalSwiftPackageReference "ResyPro/Packages/Network" */ = {
			isa = XCLocalSwiftPackageReference;
			relativePath = ResyPro/Packages/Network;
		};
		57EA7EBD2DD0E2BA00E25108 /* XCLocalSwiftPackageReference "ResyPro/Packages/DesignSystem" */ = {
			isa = XCLocalSwiftPackageReference;
			relativePath = ResyPro/Packages/DesignSystem;
		};
/* End XCLocalSwiftPackageReference section */

/* Begin XCRemoteSwiftPackageReference section */
		572503F62C28D8D80076EECB /* XCRemoteSwiftPackageReference "Nuke" */ = {
			isa = XCRemoteSwiftPackageReference;
			repositoryURL = "https://github.com/kean/Nuke";
			requirement = {
				kind = upToNextMajorVersion;
				minimumVersion = 12.7.3;
			};
		};
/* End XCRemoteSwiftPackageReference section */

/* Begin XCSwiftPackageProductDependency section */
		5717614D2DD98DA100E2EF8A /* DebugTools */ = {
			isa = XCSwiftPackageProductDependency;
			productName = DebugTools;
		};
		572503F82C28D9180076EECB /* Nuke */ = {
			isa = XCSwiftPackageProductDependency;
			package = 572503F62C28D8D80076EECB /* XCRemoteSwiftPackageReference "Nuke" */;
			productName = Nuke;
		};
		572503FA2C28D9180076EECB /* NukeExtensions */ = {
			isa = XCSwiftPackageProductDependency;
			package = 572503F62C28D8D80076EECB /* XCRemoteSwiftPackageReference "Nuke" */;
			productName = NukeExtensions;
		};
		572503FC2C28D9180076EECB /* NukeUI */ = {
			isa = XCSwiftPackageProductDependency;
			package = 572503F62C28D8D80076EECB /* XCRemoteSwiftPackageReference "Nuke" */;
			productName = NukeUI;
		};
		5773DC172DE7CA21004C4016 /* Bootstrap */ = {
			isa = XCSwiftPackageProductDependency;
			productName = Bootstrap;
		};
		57768FA02DDA724B0018F62F /* Authentication */ = {
			isa = XCSwiftPackageProductDependency;
			productName = Authentication;
		};
		57768FA22DDA724F0018F62F /* Onboarding */ = {
			isa = XCSwiftPackageProductDependency;
			productName = Onboarding;
		};
		57AC63012DD9848E003C2BA8 /* Websockets */ = {
			isa = XCSwiftPackageProductDependency;
			productName = Websockets;
		};
		57E8C23F2DD412A50075E615 /* User */ = {
			isa = XCSwiftPackageProductDependency;
			productName = User;
		};
		57EA7E9E2DD0DA2D00E25108 /* Network */ = {
			isa = XCSwiftPackageProductDependency;
			productName = Network;
		};
		57EA7EA12DD0E06C00E25108 /* DesignSystem */ = {
			isa = XCSwiftPackageProductDependency;
			productName = DesignSystem;
		};
		57FAFD422DD0EC4A0059A036 /* Venues */ = {
			isa = XCSwiftPackageProductDependency;
			productName = Venues;
		};
		57FAFD4D2DD153060059A036 /* Notifications */ = {
			isa = XCSwiftPackageProductDependency;
			productName = Notifications;
		};
/* End XCSwiftPackageProductDependency section */
	};
	rootObject = 57199D1D2C2314F500AE2F8B /* Project object */;
}
