// !$*UTF8*$!
{
	archiveVersion = 1;
	classes = {
	};
	objectVersion = 56;
	objects = {

/* Begin PBXBuildFile section */
		57168CEC2C2348EC009E6150 /* AvailableReservationsView.swift in Sources */ = {isa = PBXBuildFile; fileRef = 57168CEB2C2348EC009E6150 /* AvailableReservationsView.swift */; };
		57168CF12C234BCB009E6150 /* SelectDateView.swift in Sources */ = {isa = PBXBuildFile; fileRef = 57168CF02C234BCB009E6150 /* SelectDateView.swift */; };
		57168CF42C234C19009E6150 /* AvailableReservationsGridView.swift in Sources */ = {isa = PBXBuildFile; fileRef = 57168CF32C234C19009E6150 /* AvailableReservationsGridView.swift */; };
		57168CF82C234E8C009E6150 /* DataStore.swift in Sources */ = {isa = PBXBuildFile; fileRef = 57168CF72C234E8C009E6150 /* DataStore.swift */; };
		57168CFB2C235225009E6150 /* SelectDateRangeView.swift in Sources */ = {isa = PBXBuildFile; fileRef = 57168CFA2C235225009E6150 /* SelectDateRangeView.swift */; };
		57168CFD2C235350009E6150 /* AvailableReservationsView+ViewModel.swift in Sources */ = {isa = PBXBuildFile; fileRef = 57168CFC2C235350009E6150 /* AvailableReservationsView+ViewModel.swift */; };
		57168D002C2353ED009E6150 /* DefaultProgressView.swift in Sources */ = {isa = PBXBuildFile; fileRef = 57168CFF2C2353ED009E6150 /* DefaultProgressView.swift */; };
		57168D032C23556F009E6150 /* RemoteViewState.swift in Sources */ = {isa = PBXBuildFile; fileRef = 57168D022C23556F009E6150 /* RemoteViewState.swift */; };
		57168D062C235612009E6150 /* ErrorView.swift in Sources */ = {isa = PBXBuildFile; fileRef = 57168D052C235612009E6150 /* ErrorView.swift */; };
		57168D092C235C09009E6150 /* AvailableReservationResponseMapper.swift in Sources */ = {isa = PBXBuildFile; fileRef = 57168D082C235C09009E6150 /* AvailableReservationResponseMapper.swift */; };
		57168D0C2C235F33009E6150 /* AvailableReservationSlotView.swift in Sources */ = {isa = PBXBuildFile; fileRef = 57168D0B2C235F33009E6150 /* AvailableReservationSlotView.swift */; };
		57168D0F2C2379C7009E6150 /* Restaurants.json in Resources */ = {isa = PBXBuildFile; fileRef = 57168D0E2C2379C7009E6150 /* Restaurants.json */; };
		57168D162C237B4F009E6150 /* Venue.swift in Sources */ = {isa = PBXBuildFile; fileRef = 57168D152C237B4F009E6150 /* Venue.swift */; };
		57168D1B2C237D6E009E6150 /* GetAllVenuesEndpoint.swift in Sources */ = {isa = PBXBuildFile; fileRef = 57168D1A2C237D6E009E6150 /* GetAllVenuesEndpoint.swift */; };
		57168D1D2C237D8F009E6150 /* VenueRepository.swift in Sources */ = {isa = PBXBuildFile; fileRef = 57168D1C2C237D8F009E6150 /* VenueRepository.swift */; };
		57168D1F2C237DDF009E6150 /* VenuesListView.swift in Sources */ = {isa = PBXBuildFile; fileRef = 57168D1E2C237DDF009E6150 /* VenuesListView.swift */; };
		57168D212C237E16009E6150 /* VenueCard.swift in Sources */ = {isa = PBXBuildFile; fileRef = 57168D202C237E16009E6150 /* VenueCard.swift */; };
		57168D232C238155009E6150 /* VenueDetailsView.swift in Sources */ = {isa = PBXBuildFile; fileRef = 57168D222C238155009E6150 /* VenueDetailsView.swift */; };
		57168D262C2381F2009E6150 /* CreateReservationFormView.swift in Sources */ = {isa = PBXBuildFile; fileRef = 57168D252C2381F2009E6150 /* CreateReservationFormView.swift */; };
		57168D2D2C238665009E6150 /* SchedueleReservationHomeView.swift in Sources */ = {isa = PBXBuildFile; fileRef = 57168D2C2C238665009E6150 /* SchedueleReservationHomeView.swift */; };
		57168D2F2C23869E009E6150 /* SchedeuledReservationsCarouselView.swift in Sources */ = {isa = PBXBuildFile; fileRef = 57168D2E2C23869E009E6150 /* SchedeuledReservationsCarouselView.swift */; };
		57168D312C2386D7009E6150 /* SchedueledReservation.swift in Sources */ = {isa = PBXBuildFile; fileRef = 57168D302C2386D7009E6150 /* SchedueledReservation.swift */; };
		57168D332C238C18009E6150 /* VenueDescriptionView.swift in Sources */ = {isa = PBXBuildFile; fileRef = 57168D322C238C18009E6150 /* VenueDescriptionView.swift */; };
		57168D362C23B95F009E6150 /* DateFormatter+Extensions.swift in Sources */ = {isa = PBXBuildFile; fileRef = 57168D352C23B95F009E6150 /* DateFormatter+Extensions.swift */; };
		57199D292C2314F500AE2F8B /* ResyProApp.swift in Sources */ = {isa = PBXBuildFile; fileRef = 57199D282C2314F500AE2F8B /* ResyProApp.swift */; };
		57199D2F2C2314F600AE2F8B /* Assets.xcassets in Resources */ = {isa = PBXBuildFile; fileRef = 57199D2E2C2314F600AE2F8B /* Assets.xcassets */; };
		57199D332C2314F600AE2F8B /* Preview Assets.xcassets in Resources */ = {isa = PBXBuildFile; fileRef = 57199D322C2314F600AE2F8B /* Preview Assets.xcassets */; };
		57199D3D2C2314F600AE2F8B /* ResyProTests.swift in Sources */ = {isa = PBXBuildFile; fileRef = 57199D3C2C2314F600AE2F8B /* ResyProTests.swift */; };
		57199D472C2314F600AE2F8B /* ResyProUITests.swift in Sources */ = {isa = PBXBuildFile; fileRef = 57199D462C2314F600AE2F8B /* ResyProUITests.swift */; };
		57199D492C2314F600AE2F8B /* ResyProUITestsLaunchTests.swift in Sources */ = {isa = PBXBuildFile; fileRef = 57199D482C2314F600AE2F8B /* ResyProUITestsLaunchTests.swift */; };
		57199D6D2C23162F00AE2F8B /* NetworkClient.swift in Sources */ = {isa = PBXBuildFile; fileRef = 57199D602C23162F00AE2F8B /* NetworkClient.swift */; };
		57199D6E2C23162F00AE2F8B /* Endpoint.swift in Sources */ = {isa = PBXBuildFile; fileRef = 57199D612C23162F00AE2F8B /* Endpoint.swift */; };
		57199D6F2C23162F00AE2F8B /* EndpointInterpreter.swift in Sources */ = {isa = PBXBuildFile; fileRef = 57199D622C23162F00AE2F8B /* EndpointInterpreter.swift */; };
		57199D702C23162F00AE2F8B /* GetEndpoint.swift in Sources */ = {isa = PBXBuildFile; fileRef = 57199D632C23162F00AE2F8B /* GetEndpoint.swift */; };
		57199D712C23162F00AE2F8B /* InterpretedEndpoint.swift in Sources */ = {isa = PBXBuildFile; fileRef = 57199D642C23162F00AE2F8B /* InterpretedEndpoint.swift */; };
		57199D722C23162F00AE2F8B /* InterpretedHTTPMethod.swift in Sources */ = {isa = PBXBuildFile; fileRef = 57199D652C23162F00AE2F8B /* InterpretedHTTPMethod.swift */; };
		57199D732C23162F00AE2F8B /* PostEndpoint.swift in Sources */ = {isa = PBXBuildFile; fileRef = 57199D662C23162F00AE2F8B /* PostEndpoint.swift */; };
		57199D742C23162F00AE2F8B /* NetworkService.swift in Sources */ = {isa = PBXBuildFile; fileRef = 57199D682C23162F00AE2F8B /* NetworkService.swift */; };
		57199D752C23162F00AE2F8B /* NetworkError.swift in Sources */ = {isa = PBXBuildFile; fileRef = 57199D692C23162F00AE2F8B /* NetworkError.swift */; };
		57199D762C23162F00AE2F8B /* Environment.swift in Sources */ = {isa = PBXBuildFile; fileRef = 57199D6A2C23162F00AE2F8B /* Environment.swift */; };
		57199D772C23162F00AE2F8B /* EnvironmentStore.swift in Sources */ = {isa = PBXBuildFile; fileRef = 57199D6B2C23162F00AE2F8B /* EnvironmentStore.swift */; };
		57199D7C2C23169A00AE2F8B /* CreateReservationView.swift in Sources */ = {isa = PBXBuildFile; fileRef = 57199D7B2C23169A00AE2F8B /* CreateReservationView.swift */; };
		57199D7E2C2316A100AE2F8B /* CreateReservationViewModel.swift in Sources */ = {isa = PBXBuildFile; fileRef = 57199D7D2C2316A100AE2F8B /* CreateReservationViewModel.swift */; };
		57199D832C2316E300AE2F8B /* GetBookingTokenEndpoint.swift in Sources */ = {isa = PBXBuildFile; fileRef = 57199D822C2316E300AE2F8B /* GetBookingTokenEndpoint.swift */; };
		57199D852C23175C00AE2F8B /* ReservationResponse.swift in Sources */ = {isa = PBXBuildFile; fileRef = 57199D842C23175C00AE2F8B /* ReservationResponse.swift */; };
		57199D8B2C23181000AE2F8B /* GetAvailableSlotsEndpoint.swift in Sources */ = {isa = PBXBuildFile; fileRef = 57199D8A2C23181000AE2F8B /* GetAvailableSlotsEndpoint.swift */; };
		57199D8E2C231A1A00AE2F8B /* ResyBaseHeaderProvider.swift in Sources */ = {isa = PBXBuildFile; fileRef = 57199D8D2C231A1A00AE2F8B /* ResyBaseHeaderProvider.swift */; };
		57199D912C231A4600AE2F8B /* GetExistingReservationsEndpoint.swift in Sources */ = {isa = PBXBuildFile; fileRef = 57199D902C231A4600AE2F8B /* GetExistingReservationsEndpoint.swift */; };
		57199D942C2338BE00AE2F8B /* ConfirmBookingEndpoint.swift in Sources */ = {isa = PBXBuildFile; fileRef = 57199D932C2338BE00AE2F8B /* ConfirmBookingEndpoint.swift */; };
		57199D9A2C23390400AE2F8B /* User.swift in Sources */ = {isa = PBXBuildFile; fileRef = 57199D992C23390400AE2F8B /* User.swift */; };
		57199DA12C233A3800AE2F8B /* AppStateViewModifier.swift in Sources */ = {isa = PBXBuildFile; fileRef = 57199DA02C233A3800AE2F8B /* AppStateViewModifier.swift */; };
		57199DA52C233A5F00AE2F8B /* ResyConfig.swift in Sources */ = {isa = PBXBuildFile; fileRef = 57199DA42C233A5F00AE2F8B /* ResyConfig.swift */; };
		57199DA72C233AF500AE2F8B /* User+Environment.swift in Sources */ = {isa = PBXBuildFile; fileRef = 57199DA62C233AF500AE2F8B /* User+Environment.swift */; };
		57199DA92C233B0000AE2F8B /* ResyConfig+Environment.swift in Sources */ = {isa = PBXBuildFile; fileRef = 57199DA82C233B0000AE2F8B /* ResyConfig+Environment.swift */; };
		57199DAE2C233B4600AE2F8B /* SplashScreenView.swift in Sources */ = {isa = PBXBuildFile; fileRef = 57199DAD2C233B4600AE2F8B /* SplashScreenView.swift */; };
		57199DB02C233B6C00AE2F8B /* RootView.swift in Sources */ = {isa = PBXBuildFile; fileRef = 57199DAF2C233B6C00AE2F8B /* RootView.swift */; };
		57199DB32C233B8900AE2F8B /* MainTabView.swift in Sources */ = {isa = PBXBuildFile; fileRef = 57199DB22C233B8900AE2F8B /* MainTabView.swift */; };
		57199DB62C233EDC00AE2F8B /* ResyAPIService.swift in Sources */ = {isa = PBXBuildFile; fileRef = 57199DB52C233EDC00AE2F8B /* ResyAPIService.swift */; };
		57199DB82C23401100AE2F8B /* GetAvailableSlotsResponse.swift in Sources */ = {isa = PBXBuildFile; fileRef = 57199DB72C23401100AE2F8B /* GetAvailableSlotsResponse.swift */; };
		57199DBC2C23421500AE2F8B /* GetAvailableSlotsUseCase.swift in Sources */ = {isa = PBXBuildFile; fileRef = 57199DBB2C23421500AE2F8B /* GetAvailableSlotsUseCase.swift */; };
		57199DBE2C23427300AE2F8B /* GetAvailableSlotsRequest.swift in Sources */ = {isa = PBXBuildFile; fileRef = 57199DBD2C23427300AE2F8B /* GetAvailableSlotsRequest.swift */; };
		57199DC72C23454600AE2F8B /* AvailableReservation.swift in Sources */ = {isa = PBXBuildFile; fileRef = 57199DC62C23454600AE2F8B /* AvailableReservation.swift */; };
		57199DCA2C23455800AE2F8B /* AvailableReservationsStore.swift in Sources */ = {isa = PBXBuildFile; fileRef = 57199DC92C23455800AE2F8B /* AvailableReservationsStore.swift */; };
		57199DCC2C23459100AE2F8B /* Resy+TypeAlias.swift in Sources */ = {isa = PBXBuildFile; fileRef = 57199DCB2C23459100AE2F8B /* Resy+TypeAlias.swift */; };
		57199DCE2C2345B800AE2F8B /* BookingAvailabilityStatus.swift in Sources */ = {isa = PBXBuildFile; fileRef = 57199DCD2C2345B800AE2F8B /* BookingAvailabilityStatus.swift */; };
		57199DD02C2345C300AE2F8B /* ResySlotConfigType.swift in Sources */ = {isa = PBXBuildFile; fileRef = 57199DCF2C2345C300AE2F8B /* ResySlotConfigType.swift */; };
		57199DD32C23462700AE2F8B /* AvailableReservationsRepository.swift in Sources */ = {isa = PBXBuildFile; fileRef = 57199DD22C23462700AE2F8B /* AvailableReservationsRepository.swift */; };
		572503E72C2797A50076EECB /* SchedueleReservationFormView.swift in Sources */ = {isa = PBXBuildFile; fileRef = 572503E62C2797A50076EECB /* SchedueleReservationFormView.swift */; };
		572503EE2C279B830076EECB /* SchedueleReservationFormView+ViewModel.swift in Sources */ = {isa = PBXBuildFile; fileRef = 572503ED2C279B830076EECB /* SchedueleReservationFormView+ViewModel.swift */; };
		572503F02C279C2B0076EECB /* VenueDTO.swift in Sources */ = {isa = PBXBuildFile; fileRef = 572503EF2C279C2B0076EECB /* VenueDTO.swift */; };
		572503F22C279C500076EECB /* VenueMapper.swift in Sources */ = {isa = PBXBuildFile; fileRef = 572503F12C279C500076EECB /* VenueMapper.swift */; };
		572503F52C279CDC0076EECB /* ModelContextProtocol.swift in Sources */ = {isa = PBXBuildFile; fileRef = 572503F42C279CDC0076EECB /* ModelContextProtocol.swift */; };
		572503F92C28D9180076EECB /* Nuke in Frameworks */ = {isa = PBXBuildFile; productRef = 572503F82C28D9180076EECB /* Nuke */; };
		572503FB2C28D9180076EECB /* NukeExtensions in Frameworks */ = {isa = PBXBuildFile; productRef = 572503FA2C28D9180076EECB /* NukeExtensions */; };
		572503FD2C28D9180076EECB /* NukeUI in Frameworks */ = {isa = PBXBuildFile; productRef = 572503FC2C28D9180076EECB /* NukeUI */; };
		572504002C28EB5F0076EECB /* ImagesCarouselView.swift in Sources */ = {isa = PBXBuildFile; fileRef = 572503FF2C28EB5F0076EECB /* ImagesCarouselView.swift */; };
		572504032C28EB760076EECB /* ButtonStyles.swift in Sources */ = {isa = PBXBuildFile; fileRef = 572504022C28EB760076EECB /* ButtonStyles.swift */; };
		572504082C2A36F90076EECB /* LocationText.swift in Sources */ = {isa = PBXBuildFile; fileRef = 572504072C2A36F90076EECB /* LocationText.swift */; };
		5725040A2C2A3A650076EECB /* VenueDescriptionLabel.swift in Sources */ = {isa = PBXBuildFile; fileRef = 572504092C2A3A650076EECB /* VenueDescriptionLabel.swift */; };
		5725040D2C2A3AD60076EECB /* CardModifier.swift in Sources */ = {isa = PBXBuildFile; fileRef = 5725040C2C2A3AD60076EECB /* CardModifier.swift */; };
		5725040F2C2A3AEA0076EECB /* SupportedPartySize.swift in Sources */ = {isa = PBXBuildFile; fileRef = 5725040E2C2A3AEA0076EECB /* SupportedPartySize.swift */; };
		572504112C2A3AFB0076EECB /* VenueSlot.swift in Sources */ = {isa = PBXBuildFile; fileRef = 572504102C2A3AFB0076EECB /* VenueSlot.swift */; };
		572504132C2A3B0A0076EECB /* Geo.swift in Sources */ = {isa = PBXBuildFile; fileRef = 572504122C2A3B0A0076EECB /* Geo.swift */; };
		572504152C2A3B190076EECB /* Location.swift in Sources */ = {isa = PBXBuildFile; fileRef = 572504142C2A3B190076EECB /* Location.swift */; };
		5734986E2C24D7AA00DBB916 /* ScedueleReservationUseCase.swift in Sources */ = {isa = PBXBuildFile; fileRef = 5734986D2C24D7AA00DBB916 /* ScedueleReservationUseCase.swift */; };
		573498722C24E2C000DBB916 /* SchedueleReservationEndpoint.swift in Sources */ = {isa = PBXBuildFile; fileRef = 573498712C24E2C000DBB916 /* SchedueleReservationEndpoint.swift */; };
/* End PBXBuildFile section */

/* Begin PBXContainerItemProxy section */
		57199D392C2314F600AE2F8B /* PBXContainerItemProxy */ = {
			isa = PBXContainerItemProxy;
			containerPortal = 57199D1D2C2314F500AE2F8B /* Project object */;
			proxyType = 1;
			remoteGlobalIDString = 57199D242C2314F500AE2F8B;
			remoteInfo = ResyPro;
		};
		57199D432C2314F600AE2F8B /* PBXContainerItemProxy */ = {
			isa = PBXContainerItemProxy;
			containerPortal = 57199D1D2C2314F500AE2F8B /* Project object */;
			proxyType = 1;
			remoteGlobalIDString = 57199D242C2314F500AE2F8B;
			remoteInfo = ResyPro;
		};
/* End PBXContainerItemProxy section */

/* Begin PBXFileReference section */
		57168CEB2C2348EC009E6150 /* AvailableReservationsView.swift */ = {isa = PBXFileReference; lastKnownFileType = sourcecode.swift; path = AvailableReservationsView.swift; sourceTree = "<group>"; };
		57168CF02C234BCB009E6150 /* SelectDateView.swift */ = {isa = PBXFileReference; lastKnownFileType = sourcecode.swift; path = SelectDateView.swift; sourceTree = "<group>"; };
		57168CF32C234C19009E6150 /* AvailableReservationsGridView.swift */ = {isa = PBXFileReference; lastKnownFileType = sourcecode.swift; path = AvailableReservationsGridView.swift; sourceTree = "<group>"; };
		57168CF72C234E8C009E6150 /* DataStore.swift */ = {isa = PBXFileReference; lastKnownFileType = sourcecode.swift; path = DataStore.swift; sourceTree = "<group>"; };
		57168CFA2C235225009E6150 /* SelectDateRangeView.swift */ = {isa = PBXFileReference; lastKnownFileType = sourcecode.swift; path = SelectDateRangeView.swift; sourceTree = "<group>"; };
		57168CFC2C235350009E6150 /* AvailableReservationsView+ViewModel.swift */ = {isa = PBXFileReference; lastKnownFileType = sourcecode.swift; path = "AvailableReservationsView+ViewModel.swift"; sourceTree = "<group>"; };
		57168CFF2C2353ED009E6150 /* DefaultProgressView.swift */ = {isa = PBXFileReference; lastKnownFileType = sourcecode.swift; path = DefaultProgressView.swift; sourceTree = "<group>"; };
		57168D022C23556F009E6150 /* RemoteViewState.swift */ = {isa = PBXFileReference; lastKnownFileType = sourcecode.swift; path = RemoteViewState.swift; sourceTree = "<group>"; };
		57168D052C235612009E6150 /* ErrorView.swift */ = {isa = PBXFileReference; lastKnownFileType = sourcecode.swift; path = ErrorView.swift; sourceTree = "<group>"; };
		57168D082C235C09009E6150 /* AvailableReservationResponseMapper.swift */ = {isa = PBXFileReference; lastKnownFileType = sourcecode.swift; path = AvailableReservationResponseMapper.swift; sourceTree = "<group>"; };
		57168D0B2C235F33009E6150 /* AvailableReservationSlotView.swift */ = {isa = PBXFileReference; lastKnownFileType = sourcecode.swift; path = AvailableReservationSlotView.swift; sourceTree = "<group>"; };
		57168D0E2C2379C7009E6150 /* Restaurants.json */ = {isa = PBXFileReference; lastKnownFileType = text.json; path = Restaurants.json; sourceTree = "<group>"; };
		57168D152C237B4F009E6150 /* Venue.swift */ = {isa = PBXFileReference; lastKnownFileType = sourcecode.swift; path = Venue.swift; sourceTree = "<group>"; };
		57168D1A2C237D6E009E6150 /* GetAllVenuesEndpoint.swift */ = {isa = PBXFileReference; lastKnownFileType = sourcecode.swift; path = GetAllVenuesEndpoint.swift; sourceTree = "<group>"; };
		57168D1C2C237D8F009E6150 /* VenueRepository.swift */ = {isa = PBXFileReference; lastKnownFileType = sourcecode.swift; path = VenueRepository.swift; sourceTree = "<group>"; };
		57168D1E2C237DDF009E6150 /* VenuesListView.swift */ = {isa = PBXFileReference; lastKnownFileType = sourcecode.swift; path = VenuesListView.swift; sourceTree = "<group>"; };
		57168D202C237E16009E6150 /* VenueCard.swift */ = {isa = PBXFileReference; lastKnownFileType = sourcecode.swift; path = VenueCard.swift; sourceTree = "<group>"; };
		57168D222C238155009E6150 /* VenueDetailsView.swift */ = {isa = PBXFileReference; lastKnownFileType = sourcecode.swift; path = VenueDetailsView.swift; sourceTree = "<group>"; };
		57168D252C2381F2009E6150 /* CreateReservationFormView.swift */ = {isa = PBXFileReference; lastKnownFileType = sourcecode.swift; path = CreateReservationFormView.swift; sourceTree = "<group>"; };
		57168D2C2C238665009E6150 /* SchedueleReservationHomeView.swift */ = {isa = PBXFileReference; lastKnownFileType = sourcecode.swift; path = SchedueleReservationHomeView.swift; sourceTree = "<group>"; };
		57168D2E2C23869E009E6150 /* SchedeuledReservationsCarouselView.swift */ = {isa = PBXFileReference; lastKnownFileType = sourcecode.swift; path = SchedeuledReservationsCarouselView.swift; sourceTree = "<group>"; };
		57168D302C2386D7009E6150 /* SchedueledReservation.swift */ = {isa = PBXFileReference; lastKnownFileType = sourcecode.swift; path = SchedueledReservation.swift; sourceTree = "<group>"; };
		57168D322C238C18009E6150 /* VenueDescriptionView.swift */ = {isa = PBXFileReference; lastKnownFileType = sourcecode.swift; path = VenueDescriptionView.swift; sourceTree = "<group>"; };
		57168D352C23B95F009E6150 /* DateFormatter+Extensions.swift */ = {isa = PBXFileReference; lastKnownFileType = sourcecode.swift; path = "DateFormatter+Extensions.swift"; sourceTree = "<group>"; };
		57199D252C2314F500AE2F8B /* ResyPro.app */ = {isa = PBXFileReference; explicitFileType = wrapper.application; includeInIndex = 0; path = ResyPro.app; sourceTree = BUILT_PRODUCTS_DIR; };
		57199D282C2314F500AE2F8B /* ResyProApp.swift */ = {isa = PBXFileReference; lastKnownFileType = sourcecode.swift; path = ResyProApp.swift; sourceTree = "<group>"; };
		57199D2E2C2314F600AE2F8B /* Assets.xcassets */ = {isa = PBXFileReference; lastKnownFileType = folder.assetcatalog; path = Assets.xcassets; sourceTree = "<group>"; };
		57199D302C2314F600AE2F8B /* ResyPro.entitlements */ = {isa = PBXFileReference; lastKnownFileType = text.plist.entitlements; path = ResyPro.entitlements; sourceTree = "<group>"; };
		57199D322C2314F600AE2F8B /* Preview Assets.xcassets */ = {isa = PBXFileReference; lastKnownFileType = folder.assetcatalog; path = "Preview Assets.xcassets"; sourceTree = "<group>"; };
		57199D382C2314F600AE2F8B /* ResyProTests.xctest */ = {isa = PBXFileReference; explicitFileType = wrapper.cfbundle; includeInIndex = 0; path = ResyProTests.xctest; sourceTree = BUILT_PRODUCTS_DIR; };
		57199D3C2C2314F600AE2F8B /* ResyProTests.swift */ = {isa = PBXFileReference; lastKnownFileType = sourcecode.swift; path = ResyProTests.swift; sourceTree = "<group>"; };
		57199D422C2314F600AE2F8B /* ResyProUITests.xctest */ = {isa = PBXFileReference; explicitFileType = wrapper.cfbundle; includeInIndex = 0; path = ResyProUITests.xctest; sourceTree = BUILT_PRODUCTS_DIR; };
		57199D462C2314F600AE2F8B /* ResyProUITests.swift */ = {isa = PBXFileReference; lastKnownFileType = sourcecode.swift; path = ResyProUITests.swift; sourceTree = "<group>"; };
		57199D482C2314F600AE2F8B /* ResyProUITestsLaunchTests.swift */ = {isa = PBXFileReference; lastKnownFileType = sourcecode.swift; path = ResyProUITestsLaunchTests.swift; sourceTree = "<group>"; };
		57199D602C23162F00AE2F8B /* NetworkClient.swift */ = {isa = PBXFileReference; fileEncoding = 4; lastKnownFileType = sourcecode.swift; name = NetworkClient.swift; path = "../../../../Downloads/cudi-ios-main/ios-cudi/ios-cudi/Network/NetworkClient.swift"; sourceTree = "<group>"; };
		57199D612C23162F00AE2F8B /* Endpoint.swift */ = {isa = PBXFileReference; fileEncoding = 4; lastKnownFileType = sourcecode.swift; path = Endpoint.swift; sourceTree = "<group>"; };
		57199D622C23162F00AE2F8B /* EndpointInterpreter.swift */ = {isa = PBXFileReference; fileEncoding = 4; lastKnownFileType = sourcecode.swift; path = EndpointInterpreter.swift; sourceTree = "<group>"; };
		57199D632C23162F00AE2F8B /* GetEndpoint.swift */ = {isa = PBXFileReference; fileEncoding = 4; lastKnownFileType = sourcecode.swift; path = GetEndpoint.swift; sourceTree = "<group>"; };
		57199D642C23162F00AE2F8B /* InterpretedEndpoint.swift */ = {isa = PBXFileReference; fileEncoding = 4; lastKnownFileType = sourcecode.swift; path = InterpretedEndpoint.swift; sourceTree = "<group>"; };
		57199D652C23162F00AE2F8B /* InterpretedHTTPMethod.swift */ = {isa = PBXFileReference; fileEncoding = 4; lastKnownFileType = sourcecode.swift; path = InterpretedHTTPMethod.swift; sourceTree = "<group>"; };
		57199D662C23162F00AE2F8B /* PostEndpoint.swift */ = {isa = PBXFileReference; fileEncoding = 4; lastKnownFileType = sourcecode.swift; path = PostEndpoint.swift; sourceTree = "<group>"; };
		57199D682C23162F00AE2F8B /* NetworkService.swift */ = {isa = PBXFileReference; fileEncoding = 4; lastKnownFileType = sourcecode.swift; name = NetworkService.swift; path = "../../../../Downloads/cudi-ios-main/ios-cudi/ios-cudi/Network/NetworkService.swift"; sourceTree = "<group>"; };
		57199D692C23162F00AE2F8B /* NetworkError.swift */ = {isa = PBXFileReference; fileEncoding = 4; lastKnownFileType = sourcecode.swift; name = NetworkError.swift; path = "../../../../Downloads/cudi-ios-main/ios-cudi/ios-cudi/Network/NetworkError.swift"; sourceTree = "<group>"; };
		57199D6A2C23162F00AE2F8B /* Environment.swift */ = {isa = PBXFileReference; fileEncoding = 4; lastKnownFileType = sourcecode.swift; path = Environment.swift; sourceTree = "<group>"; };
		57199D6B2C23162F00AE2F8B /* EnvironmentStore.swift */ = {isa = PBXFileReference; fileEncoding = 4; lastKnownFileType = sourcecode.swift; path = EnvironmentStore.swift; sourceTree = "<group>"; };
		57199D7B2C23169A00AE2F8B /* CreateReservationView.swift */ = {isa = PBXFileReference; lastKnownFileType = sourcecode.swift; path = CreateReservationView.swift; sourceTree = "<group>"; };
		57199D7D2C2316A100AE2F8B /* CreateReservationViewModel.swift */ = {isa = PBXFileReference; lastKnownFileType = sourcecode.swift; path = CreateReservationViewModel.swift; sourceTree = "<group>"; };
		57199D822C2316E300AE2F8B /* GetBookingTokenEndpoint.swift */ = {isa = PBXFileReference; lastKnownFileType = sourcecode.swift; path = GetBookingTokenEndpoint.swift; sourceTree = "<group>"; };
		57199D842C23175C00AE2F8B /* ReservationResponse.swift */ = {isa = PBXFileReference; lastKnownFileType = sourcecode.swift; path = ReservationResponse.swift; sourceTree = "<group>"; };
		57199D8A2C23181000AE2F8B /* GetAvailableSlotsEndpoint.swift */ = {isa = PBXFileReference; lastKnownFileType = sourcecode.swift; path = GetAvailableSlotsEndpoint.swift; sourceTree = "<group>"; };
		57199D8D2C231A1A00AE2F8B /* ResyBaseHeaderProvider.swift */ = {isa = PBXFileReference; lastKnownFileType = sourcecode.swift; path = ResyBaseHeaderProvider.swift; sourceTree = "<group>"; };
		57199D902C231A4600AE2F8B /* GetExistingReservationsEndpoint.swift */ = {isa = PBXFileReference; lastKnownFileType = sourcecode.swift; path = GetExistingReservationsEndpoint.swift; sourceTree = "<group>"; };
		57199D932C2338BE00AE2F8B /* ConfirmBookingEndpoint.swift */ = {isa = PBXFileReference; lastKnownFileType = sourcecode.swift; path = ConfirmBookingEndpoint.swift; sourceTree = "<group>"; };
		57199D992C23390400AE2F8B /* User.swift */ = {isa = PBXFileReference; lastKnownFileType = sourcecode.swift; path = User.swift; sourceTree = "<group>"; };
		57199DA02C233A3800AE2F8B /* AppStateViewModifier.swift */ = {isa = PBXFileReference; lastKnownFileType = sourcecode.swift; path = AppStateViewModifier.swift; sourceTree = "<group>"; };
		57199DA42C233A5F00AE2F8B /* ResyConfig.swift */ = {isa = PBXFileReference; lastKnownFileType = sourcecode.swift; path = ResyConfig.swift; sourceTree = "<group>"; };
		57199DA62C233AF500AE2F8B /* User+Environment.swift */ = {isa = PBXFileReference; lastKnownFileType = sourcecode.swift; path = "User+Environment.swift"; sourceTree = "<group>"; };
		57199DA82C233B0000AE2F8B /* ResyConfig+Environment.swift */ = {isa = PBXFileReference; lastKnownFileType = sourcecode.swift; path = "ResyConfig+Environment.swift"; sourceTree = "<group>"; };
		57199DAD2C233B4600AE2F8B /* SplashScreenView.swift */ = {isa = PBXFileReference; lastKnownFileType = sourcecode.swift; path = SplashScreenView.swift; sourceTree = "<group>"; };
		57199DAF2C233B6C00AE2F8B /* RootView.swift */ = {isa = PBXFileReference; lastKnownFileType = sourcecode.swift; path = RootView.swift; sourceTree = "<group>"; };
		57199DB22C233B8900AE2F8B /* MainTabView.swift */ = {isa = PBXFileReference; lastKnownFileType = sourcecode.swift; path = MainTabView.swift; sourceTree = "<group>"; };
		57199DB52C233EDC00AE2F8B /* ResyAPIService.swift */ = {isa = PBXFileReference; lastKnownFileType = sourcecode.swift; path = ResyAPIService.swift; sourceTree = "<group>"; };
		57199DB72C23401100AE2F8B /* GetAvailableSlotsResponse.swift */ = {isa = PBXFileReference; lastKnownFileType = sourcecode.swift; path = GetAvailableSlotsResponse.swift; sourceTree = "<group>"; };
		57199DBB2C23421500AE2F8B /* GetAvailableSlotsUseCase.swift */ = {isa = PBXFileReference; lastKnownFileType = sourcecode.swift; path = GetAvailableSlotsUseCase.swift; sourceTree = "<group>"; };
		57199DBD2C23427300AE2F8B /* GetAvailableSlotsRequest.swift */ = {isa = PBXFileReference; lastKnownFileType = sourcecode.swift; path = GetAvailableSlotsRequest.swift; sourceTree = "<group>"; };
		57199DC62C23454600AE2F8B /* AvailableReservation.swift */ = {isa = PBXFileReference; lastKnownFileType = sourcecode.swift; path = AvailableReservation.swift; sourceTree = "<group>"; };
		57199DC92C23455800AE2F8B /* AvailableReservationsStore.swift */ = {isa = PBXFileReference; lastKnownFileType = sourcecode.swift; path = AvailableReservationsStore.swift; sourceTree = "<group>"; };
		57199DCB2C23459100AE2F8B /* Resy+TypeAlias.swift */ = {isa = PBXFileReference; lastKnownFileType = sourcecode.swift; path = "Resy+TypeAlias.swift"; sourceTree = "<group>"; };
		57199DCD2C2345B800AE2F8B /* BookingAvailabilityStatus.swift */ = {isa = PBXFileReference; lastKnownFileType = sourcecode.swift; path = BookingAvailabilityStatus.swift; sourceTree = "<group>"; };
		57199DCF2C2345C300AE2F8B /* ResySlotConfigType.swift */ = {isa = PBXFileReference; lastKnownFileType = sourcecode.swift; path = ResySlotConfigType.swift; sourceTree = "<group>"; };
		57199DD22C23462700AE2F8B /* AvailableReservationsRepository.swift */ = {isa = PBXFileReference; lastKnownFileType = sourcecode.swift; path = AvailableReservationsRepository.swift; sourceTree = "<group>"; };
		572503E62C2797A50076EECB /* SchedueleReservationFormView.swift */ = {isa = PBXFileReference; lastKnownFileType = sourcecode.swift; path = SchedueleReservationFormView.swift; sourceTree = "<group>"; };
		572503ED2C279B830076EECB /* SchedueleReservationFormView+ViewModel.swift */ = {isa = PBXFileReference; lastKnownFileType = sourcecode.swift; path = "SchedueleReservationFormView+ViewModel.swift"; sourceTree = "<group>"; };
		572503EF2C279C2B0076EECB /* VenueDTO.swift */ = {isa = PBXFileReference; lastKnownFileType = sourcecode.swift; path = VenueDTO.swift; sourceTree = "<group>"; };
		572503F12C279C500076EECB /* VenueMapper.swift */ = {isa = PBXFileReference; lastKnownFileType = sourcecode.swift; path = VenueMapper.swift; sourceTree = "<group>"; };
		572503F42C279CDC0076EECB /* ModelContextProtocol.swift */ = {isa = PBXFileReference; lastKnownFileType = sourcecode.swift; path = ModelContextProtocol.swift; sourceTree = "<group>"; };
		572503FF2C28EB5F0076EECB /* ImagesCarouselView.swift */ = {isa = PBXFileReference; lastKnownFileType = sourcecode.swift; path = ImagesCarouselView.swift; sourceTree = "<group>"; };
		572504022C28EB760076EECB /* ButtonStyles.swift */ = {isa = PBXFileReference; lastKnownFileType = sourcecode.swift; path = ButtonStyles.swift; sourceTree = "<group>"; };
		572504072C2A36F90076EECB /* LocationText.swift */ = {isa = PBXFileReference; lastKnownFileType = sourcecode.swift; path = LocationText.swift; sourceTree = "<group>"; };
		572504092C2A3A650076EECB /* VenueDescriptionLabel.swift */ = {isa = PBXFileReference; lastKnownFileType = sourcecode.swift; path = VenueDescriptionLabel.swift; sourceTree = "<group>"; };
		5725040C2C2A3AD60076EECB /* CardModifier.swift */ = {isa = PBXFileReference; lastKnownFileType = sourcecode.swift; path = CardModifier.swift; sourceTree = "<group>"; };
		5725040E2C2A3AEA0076EECB /* SupportedPartySize.swift */ = {isa = PBXFileReference; lastKnownFileType = sourcecode.swift; path = SupportedPartySize.swift; sourceTree = "<group>"; };
		572504102C2A3AFB0076EECB /* VenueSlot.swift */ = {isa = PBXFileReference; lastKnownFileType = sourcecode.swift; path = VenueSlot.swift; sourceTree = "<group>"; };
		572504122C2A3B0A0076EECB /* Geo.swift */ = {isa = PBXFileReference; lastKnownFileType = sourcecode.swift; path = Geo.swift; sourceTree = "<group>"; };
		572504142C2A3B190076EECB /* Location.swift */ = {isa = PBXFileReference; lastKnownFileType = sourcecode.swift; path = Location.swift; sourceTree = "<group>"; };
		5734986D2C24D7AA00DBB916 /* ScedueleReservationUseCase.swift */ = {isa = PBXFileReference; lastKnownFileType = sourcecode.swift; path = ScedueleReservationUseCase.swift; sourceTree = "<group>"; };
		5734986F2C24D7D000DBB916 /* Info.plist */ = {isa = PBXFileReference; lastKnownFileType = text.plist; path = Info.plist; sourceTree = "<group>"; };
		573498712C24E2C000DBB916 /* SchedueleReservationEndpoint.swift */ = {isa = PBXFileReference; lastKnownFileType = sourcecode.swift; path = SchedueleReservationEndpoint.swift; sourceTree = "<group>"; };
/* End PBXFileReference section */

/* Begin PBXFrameworksBuildPhase section */
		57199D222C2314F500AE2F8B /* Frameworks */ = {
			isa = PBXFrameworksBuildPhase;
			buildActionMask = 2147483647;
			files = (
				572503FD2C28D9180076EECB /* NukeUI in Frameworks */,
				572503F92C28D9180076EECB /* Nuke in Frameworks */,
				572503FB2C28D9180076EECB /* NukeExtensions in Frameworks */,
			);
			runOnlyForDeploymentPostprocessing = 0;
		};
		57199D352C2314F600AE2F8B /* Frameworks */ = {
			isa = PBXFrameworksBuildPhase;
			buildActionMask = 2147483647;
			files = (
			);
			runOnlyForDeploymentPostprocessing = 0;
		};
		57199D3F2C2314F600AE2F8B /* Frameworks */ = {
			isa = PBXFrameworksBuildPhase;
			buildActionMask = 2147483647;
			files = (
			);
			runOnlyForDeploymentPostprocessing = 0;
		};
/* End PBXFrameworksBuildPhase section */

/* Begin PBXGroup section */
		57168CEA2C234888009E6150 /* AvailableReservationsView */ = {
			isa = PBXGroup;
			children = (
				57168CEB2C2348EC009E6150 /* AvailableReservationsView.swift */,
				57168CFC2C235350009E6150 /* AvailableReservationsView+ViewModel.swift */,
			);
			path = AvailableReservationsView;
			sourceTree = "<group>";
		};
		57168CED2C234BAD009E6150 /* Utility */ = {
			isa = PBXGroup;
			children = (
				57168D342C23B94E009E6150 /* Extensions */,
				57168D012C235566009E6150 /* Models */,
				57168CF52C234E83009E6150 /* Data */,
				57168CEE2C234BBD009E6150 /* Views */,
			);
			path = Utility;
			sourceTree = "<group>";
		};
		57168CEE2C234BBD009E6150 /* Views */ = {
			isa = PBXGroup;
			children = (
				5725040B2C2A3AD10076EECB /* Card */,
				572504012C28EB6B0076EECB /* Button */,
				572503FE2C28EB570076EECB /* Images */,
				57168D042C235609009E6150 /* Error */,
				57168CFE2C2353E5009E6150 /* Progress */,
				57168CEF2C234BC3009E6150 /* SelectDate */,
			);
			path = Views;
			sourceTree = "<group>";
		};
		57168CEF2C234BC3009E6150 /* SelectDate */ = {
			isa = PBXGroup;
			children = (
				57168CF02C234BCB009E6150 /* SelectDateView.swift */,
				57168CFA2C235225009E6150 /* SelectDateRangeView.swift */,
			);
			path = SelectDate;
			sourceTree = "<group>";
		};
		57168CF22C234BE4009E6150 /* AvailableReservationsGridView */ = {
			isa = PBXGroup;
			children = (
				57168CF32C234C19009E6150 /* AvailableReservationsGridView.swift */,
			);
			path = AvailableReservationsGridView;
			sourceTree = "<group>";
		};
		57168CF52C234E83009E6150 /* Data */ = {
			isa = PBXGroup;
			children = (
				572503F32C279CCE0076EECB /* CoreData */,
				57168CF62C234E86009E6150 /* Stores */,
			);
			path = Data;
			sourceTree = "<group>";
		};
		57168CF62C234E86009E6150 /* Stores */ = {
			isa = PBXGroup;
			children = (
				57168CF72C234E8C009E6150 /* DataStore.swift */,
			);
			path = Stores;
			sourceTree = "<group>";
		};
		57168CFE2C2353E5009E6150 /* Progress */ = {
			isa = PBXGroup;
			children = (
				57168CFF2C2353ED009E6150 /* DefaultProgressView.swift */,
			);
			path = Progress;
			sourceTree = "<group>";
		};
		57168D012C235566009E6150 /* Models */ = {
			isa = PBXGroup;
			children = (
				57168D022C23556F009E6150 /* RemoteViewState.swift */,
			);
			path = Models;
			sourceTree = "<group>";
		};
		57168D042C235609009E6150 /* Error */ = {
			isa = PBXGroup;
			children = (
				57168D052C235612009E6150 /* ErrorView.swift */,
			);
			path = Error;
			sourceTree = "<group>";
		};
		57168D0A2C235F26009E6150 /* AvailableReservationSlotView */ = {
			isa = PBXGroup;
			children = (
				57168D0B2C235F33009E6150 /* AvailableReservationSlotView.swift */,
			);
			path = AvailableReservationSlotView;
			sourceTree = "<group>";
		};
		57168D0D2C2379A9009E6150 /* Data */ = {
			isa = PBXGroup;
			children = (
				57168D0E2C2379C7009E6150 /* Restaurants.json */,
			);
			path = Data;
			sourceTree = "<group>";
		};
		57168D112C237B30009E6150 /* Venues */ = {
			isa = PBXGroup;
			children = (
				572503E52C27931A0076EECB /* Network */,
				57168D142C237B42009E6150 /* Views */,
				57168D132C237B3E009E6150 /* Models */,
				57168D122C237B3B009E6150 /* Data */,
			);
			path = Venues;
			sourceTree = "<group>";
		};
		57168D122C237B3B009E6150 /* Data */ = {
			isa = PBXGroup;
			children = (
				57168D1C2C237D8F009E6150 /* VenueRepository.swift */,
				572503F12C279C500076EECB /* VenueMapper.swift */,
			);
			path = Data;
			sourceTree = "<group>";
		};
		57168D132C237B3E009E6150 /* Models */ = {
			isa = PBXGroup;
			children = (
				57168D152C237B4F009E6150 /* Venue.swift */,
				5725040E2C2A3AEA0076EECB /* SupportedPartySize.swift */,
				572504102C2A3AFB0076EECB /* VenueSlot.swift */,
				572504122C2A3B0A0076EECB /* Geo.swift */,
				572504142C2A3B190076EECB /* Location.swift */,
			);
			path = Models;
			sourceTree = "<group>";
		};
		57168D142C237B42009E6150 /* Views */ = {
			isa = PBXGroup;
			children = (
				57168D1E2C237DDF009E6150 /* VenuesListView.swift */,
				57168D202C237E16009E6150 /* VenueCard.swift */,
				57168D222C238155009E6150 /* VenueDetailsView.swift */,
				57168D322C238C18009E6150 /* VenueDescriptionView.swift */,
				572504072C2A36F90076EECB /* LocationText.swift */,
				572504092C2A3A650076EECB /* VenueDescriptionLabel.swift */,
			);
			path = Views;
			sourceTree = "<group>";
		};
		57168D242C2381B0009E6150 /* CreateReservationForm */ = {
			isa = PBXGroup;
			children = (
				57168D252C2381F2009E6150 /* CreateReservationFormView.swift */,
			);
			path = CreateReservationForm;
			sourceTree = "<group>";
		};
		57168D272C238224009E6150 /* Models */ = {
			isa = PBXGroup;
			children = (
			);
			path = Models;
			sourceTree = "<group>";
		};
		57168D282C23864B009E6150 /* SchedueleReservation */ = {
			isa = PBXGroup;
			children = (
				573498702C24E2B400DBB916 /* Network */,
				5734986C2C24D79000DBB916 /* UseCases */,
				57168D2B2C23865A009E6150 /* Views */,
				57168D2A2C238656009E6150 /* Models */,
				57168D292C238653009E6150 /* Data */,
			);
			path = SchedueleReservation;
			sourceTree = "<group>";
		};
		57168D292C238653009E6150 /* Data */ = {
			isa = PBXGroup;
			children = (
			);
			path = Data;
			sourceTree = "<group>";
		};
		57168D2A2C238656009E6150 /* Models */ = {
			isa = PBXGroup;
			children = (
				57168D302C2386D7009E6150 /* SchedueledReservation.swift */,
			);
			path = Models;
			sourceTree = "<group>";
		};
		57168D2B2C23865A009E6150 /* Views */ = {
			isa = PBXGroup;
			children = (
				572503EC2C279B790076EECB /* SchedueleReservationFormView */,
				57168D2C2C238665009E6150 /* SchedueleReservationHomeView.swift */,
				57168D2E2C23869E009E6150 /* SchedeuledReservationsCarouselView.swift */,
			);
			path = Views;
			sourceTree = "<group>";
		};
		57168D342C23B94E009E6150 /* Extensions */ = {
			isa = PBXGroup;
			children = (
				57168D352C23B95F009E6150 /* DateFormatter+Extensions.swift */,
			);
			path = Extensions;
			sourceTree = "<group>";
		};
		57199D1C2C2314F500AE2F8B = {
			isa = PBXGroup;
			children = (
				57199D272C2314F500AE2F8B /* ResyPro */,
				57199D3B2C2314F600AE2F8B /* ResyProTests */,
				57199D452C2314F600AE2F8B /* ResyProUITests */,
				57199D262C2314F500AE2F8B /* Products */,
				572503F72C28D9180076EECB /* Frameworks */,
			);
			sourceTree = "<group>";
		};
		57199D262C2314F500AE2F8B /* Products */ = {
			isa = PBXGroup;
			children = (
				57199D252C2314F500AE2F8B /* ResyPro.app */,
				57199D382C2314F600AE2F8B /* ResyProTests.xctest */,
				57199D422C2314F600AE2F8B /* ResyProUITests.xctest */,
			);
			name = Products;
			sourceTree = "<group>";
		};
		57199D272C2314F500AE2F8B /* ResyPro */ = {
			isa = PBXGroup;
			children = (
				5734986F2C24D7D000DBB916 /* Info.plist */,
				57168D282C23864B009E6150 /* SchedueleReservation */,
				57168D112C237B30009E6150 /* Venues */,
				57168CED2C234BAD009E6150 /* Utility */,
				57199DBF2C2344DC00AE2F8B /* AvailableSlots */,
				57199DAA2C233B2F00AE2F8B /* Splash */,
				57199DA22C233A5200AE2F8B /* Resy */,
				57199D9F2C233A2B00AE2F8B /* Application */,
				57199D952C2338E400AE2F8B /* User */,
				57199D7A2C23168900AE2F8B /* CreateReservation */,
				57199D552C2315C900AE2F8B /* Network */,
				57199D2E2C2314F600AE2F8B /* Assets.xcassets */,
				57199D302C2314F600AE2F8B /* ResyPro.entitlements */,
				57199D312C2314F600AE2F8B /* Preview Content */,
			);
			path = ResyPro;
			sourceTree = "<group>";
		};
		57199D312C2314F600AE2F8B /* Preview Content */ = {
			isa = PBXGroup;
			children = (
				57199D322C2314F600AE2F8B /* Preview Assets.xcassets */,
			);
			path = "Preview Content";
			sourceTree = "<group>";
		};
		57199D3B2C2314F600AE2F8B /* ResyProTests */ = {
			isa = PBXGroup;
			children = (
				57199D3C2C2314F600AE2F8B /* ResyProTests.swift */,
			);
			path = ResyProTests;
			sourceTree = "<group>";
		};
		57199D452C2314F600AE2F8B /* ResyProUITests */ = {
			isa = PBXGroup;
			children = (
				57199D462C2314F600AE2F8B /* ResyProUITests.swift */,
				57199D482C2314F600AE2F8B /* ResyProUITestsLaunchTests.swift */,
			);
			path = ResyProUITests;
			sourceTree = "<group>";
		};
		57199D552C2315C900AE2F8B /* Network */ = {
			isa = PBXGroup;
			children = (
				57199D8C2C231A1100AE2F8B /* Headers */,
				57199D672C23162F00AE2F8B /* Endpoint */,
				57199D6C2C23162F00AE2F8B /* Environment */,
				57199D602C23162F00AE2F8B /* NetworkClient.swift */,
				57199D692C23162F00AE2F8B /* NetworkError.swift */,
				57199D682C23162F00AE2F8B /* NetworkService.swift */,
			);
			path = Network;
			sourceTree = "<group>";
		};
		57199D672C23162F00AE2F8B /* Endpoint */ = {
			isa = PBXGroup;
			children = (
				57199D612C23162F00AE2F8B /* Endpoint.swift */,
				57199D622C23162F00AE2F8B /* EndpointInterpreter.swift */,
				57199D632C23162F00AE2F8B /* GetEndpoint.swift */,
				57199D642C23162F00AE2F8B /* InterpretedEndpoint.swift */,
				57199D652C23162F00AE2F8B /* InterpretedHTTPMethod.swift */,
				57199D662C23162F00AE2F8B /* PostEndpoint.swift */,
			);
			name = Endpoint;
			path = "../../../../Downloads/cudi-ios-main/ios-cudi/ios-cudi/Network/Endpoint";
			sourceTree = "<group>";
		};
		57199D6C2C23162F00AE2F8B /* Environment */ = {
			isa = PBXGroup;
			children = (
				57199D6A2C23162F00AE2F8B /* Environment.swift */,
				57199D6B2C23162F00AE2F8B /* EnvironmentStore.swift */,
			);
			name = Environment;
			path = "../../../../Downloads/cudi-ios-main/ios-cudi/ios-cudi/Network/Environment";
			sourceTree = "<group>";
		};
		57199D7A2C23168900AE2F8B /* CreateReservation */ = {
			isa = PBXGroup;
			children = (
				57168D272C238224009E6150 /* Models */,
				57199D812C2316D900AE2F8B /* Network */,
				57199D802C2316D600AE2F8B /* Data */,
				57199D7F2C2316D100AE2F8B /* View */,
			);
			path = CreateReservation;
			sourceTree = "<group>";
		};
		57199D7F2C2316D100AE2F8B /* View */ = {
			isa = PBXGroup;
			children = (
				57168D242C2381B0009E6150 /* CreateReservationForm */,
				57199D7B2C23169A00AE2F8B /* CreateReservationView.swift */,
				57199D7D2C2316A100AE2F8B /* CreateReservationViewModel.swift */,
			);
			path = View;
			sourceTree = "<group>";
		};
		57199D802C2316D600AE2F8B /* Data */ = {
			isa = PBXGroup;
			children = (
			);
			path = Data;
			sourceTree = "<group>";
		};
		57199D812C2316D900AE2F8B /* Network */ = {
			isa = PBXGroup;
			children = (
				57199D922C2338B500AE2F8B /* ConfirmBooking */,
				57199D8F2C231A3900AE2F8B /* ExistingReservations */,
				57199D882C2317EE00AE2F8B /* CreateReservation */,
				57199DB52C233EDC00AE2F8B /* ResyAPIService.swift */,
			);
			path = Network;
			sourceTree = "<group>";
		};
		57199D882C2317EE00AE2F8B /* CreateReservation */ = {
			isa = PBXGroup;
			children = (
				57199D822C2316E300AE2F8B /* GetBookingTokenEndpoint.swift */,
				57199D842C23175C00AE2F8B /* ReservationResponse.swift */,
			);
			path = CreateReservation;
			sourceTree = "<group>";
		};
		57199D892C2317F500AE2F8B /* AvailableSlots */ = {
			isa = PBXGroup;
			children = (
				57199D8A2C23181000AE2F8B /* GetAvailableSlotsEndpoint.swift */,
				57199DB72C23401100AE2F8B /* GetAvailableSlotsResponse.swift */,
				57199DBD2C23427300AE2F8B /* GetAvailableSlotsRequest.swift */,
			);
			path = AvailableSlots;
			sourceTree = "<group>";
		};
		57199D8C2C231A1100AE2F8B /* Headers */ = {
			isa = PBXGroup;
			children = (
				57199D8D2C231A1A00AE2F8B /* ResyBaseHeaderProvider.swift */,
			);
			path = Headers;
			sourceTree = "<group>";
		};
		57199D8F2C231A3900AE2F8B /* ExistingReservations */ = {
			isa = PBXGroup;
			children = (
				57199D902C231A4600AE2F8B /* GetExistingReservationsEndpoint.swift */,
			);
			path = ExistingReservations;
			sourceTree = "<group>";
		};
		57199D922C2338B500AE2F8B /* ConfirmBooking */ = {
			isa = PBXGroup;
			children = (
				57199D932C2338BE00AE2F8B /* ConfirmBookingEndpoint.swift */,
			);
			path = ConfirmBooking;
			sourceTree = "<group>";
		};
		57199D952C2338E400AE2F8B /* User */ = {
			isa = PBXGroup;
			children = (
				57199D982C2338F400AE2F8B /* Models */,
				57199D972C2338F000AE2F8B /* Views */,
				57199D962C2338E700AE2F8B /* Data */,
			);
			path = User;
			sourceTree = "<group>";
		};
		57199D962C2338E700AE2F8B /* Data */ = {
			isa = PBXGroup;
			children = (
			);
			path = Data;
			sourceTree = "<group>";
		};
		57199D972C2338F000AE2F8B /* Views */ = {
			isa = PBXGroup;
			children = (
			);
			path = Views;
			sourceTree = "<group>";
		};
		57199D982C2338F400AE2F8B /* Models */ = {
			isa = PBXGroup;
			children = (
				57199D992C23390400AE2F8B /* User.swift */,
				57199DA62C233AF500AE2F8B /* User+Environment.swift */,
			);
			path = Models;
			sourceTree = "<group>";
		};
		57199D9F2C233A2B00AE2F8B /* Application */ = {
			isa = PBXGroup;
			children = (
				57168D0D2C2379A9009E6150 /* Data */,
				57199DA02C233A3800AE2F8B /* AppStateViewModifier.swift */,
				57199D282C2314F500AE2F8B /* ResyProApp.swift */,
				57199DB12C233B8300AE2F8B /* Views */,
			);
			path = Application;
			sourceTree = "<group>";
		};
		57199DA22C233A5200AE2F8B /* Resy */ = {
			isa = PBXGroup;
			children = (
				57199DA32C233A5600AE2F8B /* Models */,
			);
			path = Resy;
			sourceTree = "<group>";
		};
		57199DA32C233A5600AE2F8B /* Models */ = {
			isa = PBXGroup;
			children = (
				57199DA42C233A5F00AE2F8B /* ResyConfig.swift */,
				57199DA82C233B0000AE2F8B /* ResyConfig+Environment.swift */,
				57199DCB2C23459100AE2F8B /* Resy+TypeAlias.swift */,
			);
			path = Models;
			sourceTree = "<group>";
		};
		57199DAA2C233B2F00AE2F8B /* Splash */ = {
			isa = PBXGroup;
			children = (
				57199DAB2C233B3700AE2F8B /* Views */,
			);
			path = Splash;
			sourceTree = "<group>";
		};
		57199DAB2C233B3700AE2F8B /* Views */ = {
			isa = PBXGroup;
			children = (
				57199DAC2C233B3B00AE2F8B /* SplashScreenView */,
			);
			path = Views;
			sourceTree = "<group>";
		};
		57199DAC2C233B3B00AE2F8B /* SplashScreenView */ = {
			isa = PBXGroup;
			children = (
				57199DAD2C233B4600AE2F8B /* SplashScreenView.swift */,
			);
			path = SplashScreenView;
			sourceTree = "<group>";
		};
		57199DB12C233B8300AE2F8B /* Views */ = {
			isa = PBXGroup;
			children = (
				57199DAF2C233B6C00AE2F8B /* RootView.swift */,
				57199DB22C233B8900AE2F8B /* MainTabView.swift */,
			);
			path = Views;
			sourceTree = "<group>";
		};
		57199DBA2C23419500AE2F8B /* UseCase */ = {
			isa = PBXGroup;
			children = (
				57199DBB2C23421500AE2F8B /* GetAvailableSlotsUseCase.swift */,
			);
			path = UseCase;
			sourceTree = "<group>";
		};
		57199DBF2C2344DC00AE2F8B /* AvailableSlots */ = {
			isa = PBXGroup;
			children = (
				57199DBA2C23419500AE2F8B /* UseCase */,
				57199DC22C2344E900AE2F8B /* Views */,
				57199DC12C2344E600AE2F8B /* Data */,
				57199DC02C2344E300AE2F8B /* Network */,
			);
			path = AvailableSlots;
			sourceTree = "<group>";
		};
		57199DC02C2344E300AE2F8B /* Network */ = {
			isa = PBXGroup;
			children = (
				57199D892C2317F500AE2F8B /* AvailableSlots */,
			);
			path = Network;
			sourceTree = "<group>";
		};
		57199DC12C2344E600AE2F8B /* Data */ = {
			isa = PBXGroup;
			children = (
				57199DD12C23461A00AE2F8B /* Repository */,
				57199DC82C23455300AE2F8B /* Stores */,
				57199DC32C23451400AE2F8B /* Models */,
			);
			path = Data;
			sourceTree = "<group>";
		};
		57199DC22C2344E900AE2F8B /* Views */ = {
			isa = PBXGroup;
			children = (
				57168D0A2C235F26009E6150 /* AvailableReservationSlotView */,
				57168CF22C234BE4009E6150 /* AvailableReservationsGridView */,
				57168CEA2C234888009E6150 /* AvailableReservationsView */,
			);
			path = Views;
			sourceTree = "<group>";
		};
		57199DC32C23451400AE2F8B /* Models */ = {
			isa = PBXGroup;
			children = (
				57199DC62C23454600AE2F8B /* AvailableReservation.swift */,
				57199DCD2C2345B800AE2F8B /* BookingAvailabilityStatus.swift */,
				57199DCF2C2345C300AE2F8B /* ResySlotConfigType.swift */,
			);
			path = Models;
			sourceTree = "<group>";
		};
		57199DC82C23455300AE2F8B /* Stores */ = {
			isa = PBXGroup;
			children = (
				57199DC92C23455800AE2F8B /* AvailableReservationsStore.swift */,
			);
			path = Stores;
			sourceTree = "<group>";
		};
		57199DD12C23461A00AE2F8B /* Repository */ = {
			isa = PBXGroup;
			children = (
				57199DD22C23462700AE2F8B /* AvailableReservationsRepository.swift */,
				57168D082C235C09009E6150 /* AvailableReservationResponseMapper.swift */,
			);
			path = Repository;
			sourceTree = "<group>";
		};
		572503E52C27931A0076EECB /* Network */ = {
			isa = PBXGroup;
			children = (
				57168D1A2C237D6E009E6150 /* GetAllVenuesEndpoint.swift */,
				572503EF2C279C2B0076EECB /* VenueDTO.swift */,
			);
			path = Network;
			sourceTree = "<group>";
		};
		572503EC2C279B790076EECB /* SchedueleReservationFormView */ = {
			isa = PBXGroup;
			children = (
				572503E62C2797A50076EECB /* SchedueleReservationFormView.swift */,
				572503ED2C279B830076EECB /* SchedueleReservationFormView+ViewModel.swift */,
			);
			path = SchedueleReservationFormView;
			sourceTree = "<group>";
		};
		572503F32C279CCE0076EECB /* CoreData */ = {
			isa = PBXGroup;
			children = (
				572503F42C279CDC0076EECB /* ModelContextProtocol.swift */,
			);
			path = CoreData;
			sourceTree = "<group>";
		};
		572503F72C28D9180076EECB /* Frameworks */ = {
			isa = PBXGroup;
			children = (
			);
			name = Frameworks;
			sourceTree = "<group>";
		};
		572503FE2C28EB570076EECB /* Images */ = {
			isa = PBXGroup;
			children = (
				572503FF2C28EB5F0076EECB /* ImagesCarouselView.swift */,
			);
			path = Images;
			sourceTree = "<group>";
		};
		572504012C28EB6B0076EECB /* Button */ = {
			isa = PBXGroup;
			children = (
				572504022C28EB760076EECB /* ButtonStyles.swift */,
			);
			path = Button;
			sourceTree = "<group>";
		};
		5725040B2C2A3AD10076EECB /* Card */ = {
			isa = PBXGroup;
			children = (
				5725040C2C2A3AD60076EECB /* CardModifier.swift */,
			);
			path = Card;
			sourceTree = "<group>";
		};
		5734986C2C24D79000DBB916 /* UseCases */ = {
			isa = PBXGroup;
			children = (
				5734986D2C24D7AA00DBB916 /* ScedueleReservationUseCase.swift */,
			);
			path = UseCases;
			sourceTree = "<group>";
		};
		573498702C24E2B400DBB916 /* Network */ = {
			isa = PBXGroup;
			children = (
				573498712C24E2C000DBB916 /* SchedueleReservationEndpoint.swift */,
			);
			path = Network;
			sourceTree = "<group>";
		};
/* End PBXGroup section */

/* Begin PBXNativeTarget section */
		57199D242C2314F500AE2F8B /* ResyPro */ = {
			isa = PBXNativeTarget;
			buildConfigurationList = 57199D4C2C2314F600AE2F8B /* Build configuration list for PBXNativeTarget "ResyPro" */;
			buildPhases = (
				57199D212C2314F500AE2F8B /* Sources */,
				57199D222C2314F500AE2F8B /* Frameworks */,
				57199D232C2314F500AE2F8B /* Resources */,
			);
			buildRules = (
			);
			dependencies = (
			);
			name = ResyPro;
			packageProductDependencies = (
				572503F82C28D9180076EECB /* Nuke */,
				572503FA2C28D9180076EECB /* NukeExtensions */,
				572503FC2C28D9180076EECB /* NukeUI */,
			);
			productName = ResyPro;
			productReference = 57199D252C2314F500AE2F8B /* ResyPro.app */;
			productType = "com.apple.product-type.application";
		};
		57199D372C2314F600AE2F8B /* ResyProTests */ = {
			isa = PBXNativeTarget;
			buildConfigurationList = 57199D4F2C2314F600AE2F8B /* Build configuration list for PBXNativeTarget "ResyProTests" */;
			buildPhases = (
				57199D342C2314F600AE2F8B /* Sources */,
				57199D352C2314F600AE2F8B /* Frameworks */,
				57199D362C2314F600AE2F8B /* Resources */,
			);
			buildRules = (
			);
			dependencies = (
				57199D3A2C2314F600AE2F8B /* PBXTargetDependency */,
			);
			name = ResyProTests;
			productName = ResyProTests;
			productReference = 57199D382C2314F600AE2F8B /* ResyProTests.xctest */;
			productType = "com.apple.product-type.bundle.unit-test";
		};
		57199D412C2314F600AE2F8B /* ResyProUITests */ = {
			isa = PBXNativeTarget;
			buildConfigurationList = 57199D522C2314F600AE2F8B /* Build configuration list for PBXNativeTarget "ResyProUITests" */;
			buildPhases = (
				57199D3E2C2314F600AE2F8B /* Sources */,
				57199D3F2C2314F600AE2F8B /* Frameworks */,
				57199D402C2314F600AE2F8B /* Resources */,
			);
			buildRules = (
			);
			dependencies = (
				57199D442C2314F600AE2F8B /* PBXTargetDependency */,
			);
			name = ResyProUITests;
			productName = ResyProUITests;
			productReference = 57199D422C2314F600AE2F8B /* ResyProUITests.xctest */;
			productType = "com.apple.product-type.bundle.ui-testing";
		};
/* End PBXNativeTarget section */

/* Begin PBXProject section */
		57199D1D2C2314F500AE2F8B /* Project object */ = {
			isa = PBXProject;
			attributes = {
				BuildIndependentTargetsInParallel = 1;
				LastSwiftUpdateCheck = 1530;
				LastUpgradeCheck = 1530;
				TargetAttributes = {
					57199D242C2314F500AE2F8B = {
						CreatedOnToolsVersion = 15.3;
					};
					57199D372C2314F600AE2F8B = {
						CreatedOnToolsVersion = 15.3;
						TestTargetID = 57199D242C2314F500AE2F8B;
					};
					57199D412C2314F600AE2F8B = {
						CreatedOnToolsVersion = 15.3;
						TestTargetID = 57199D242C2314F500AE2F8B;
					};
				};
			};
			buildConfigurationList = 57199D202C2314F500AE2F8B /* Build configuration list for PBXProject "ResyPro" */;
			compatibilityVersion = "Xcode 14.0";
			developmentRegion = en;
			hasScannedForEncodings = 0;
			knownRegions = (
				en,
				Base,
			);
			mainGroup = 57199D1C2C2314F500AE2F8B;
			packageReferences = (
				572503F62C28D8D80076EECB /* XCRemoteSwiftPackageReference "Nuke" */,
			);
			productRefGroup = 57199D262C2314F500AE2F8B /* Products */;
			projectDirPath = "";
			projectRoot = "";
			targets = (
				57199D242C2314F500AE2F8B /* ResyPro */,
				57199D372C2314F600AE2F8B /* ResyProTests */,
				57199D412C2314F600AE2F8B /* ResyProUITests */,
			);
		};
/* End PBXProject section */

/* Begin PBXResourcesBuildPhase section */
		57199D232C2314F500AE2F8B /* Resources */ = {
			isa = PBXResourcesBuildPhase;
			buildActionMask = 2147483647;
			files = (
				57168D0F2C2379C7009E6150 /* Restaurants.json in Resources */,
				57199D332C2314F600AE2F8B /* Preview Assets.xcassets in Resources */,
				57199D2F2C2314F600AE2F8B /* Assets.xcassets in Resources */,
			);
			runOnlyForDeploymentPostprocessing = 0;
		};
		57199D362C2314F600AE2F8B /* Resources */ = {
			isa = PBXResourcesBuildPhase;
			buildActionMask = 2147483647;
			files = (
			);
			runOnlyForDeploymentPostprocessing = 0;
		};
		57199D402C2314F600AE2F8B /* Resources */ = {
			isa = PBXResourcesBuildPhase;
			buildActionMask = 2147483647;
			files = (
			);
			runOnlyForDeploymentPostprocessing = 0;
		};
/* End PBXResourcesBuildPhase section */

/* Begin PBXSourcesBuildPhase section */
		57199D212C2314F500AE2F8B /* Sources */ = {
			isa = PBXSourcesBuildPhase;
			buildActionMask = 2147483647;
			files = (
				57199D742C23162F00AE2F8B /* NetworkService.swift in Sources */,
				57199D832C2316E300AE2F8B /* GetBookingTokenEndpoint.swift in Sources */,
				5725040D2C2A3AD60076EECB /* CardModifier.swift in Sources */,
				57168CF12C234BCB009E6150 /* SelectDateView.swift in Sources */,
				57199DAE2C233B4600AE2F8B /* SplashScreenView.swift in Sources */,
				57168CEC2C2348EC009E6150 /* AvailableReservationsView.swift in Sources */,
				572504002C28EB5F0076EECB /* ImagesCarouselView.swift in Sources */,
				57199DB82C23401100AE2F8B /* GetAvailableSlotsResponse.swift in Sources */,
				57199DC72C23454600AE2F8B /* AvailableReservation.swift in Sources */,
				57199DCC2C23459100AE2F8B /* Resy+TypeAlias.swift in Sources */,
				57199DB32C233B8900AE2F8B /* MainTabView.swift in Sources */,
				57168D1F2C237DDF009E6150 /* VenuesListView.swift in Sources */,
				57168D1B2C237D6E009E6150 /* GetAllVenuesEndpoint.swift in Sources */,
				57168D2F2C23869E009E6150 /* SchedeuledReservationsCarouselView.swift in Sources */,
				572504112C2A3AFB0076EECB /* VenueSlot.swift in Sources */,
				57199DCA2C23455800AE2F8B /* AvailableReservationsStore.swift in Sources */,
				57199D292C2314F500AE2F8B /* ResyProApp.swift in Sources */,
				57168D2D2C238665009E6150 /* SchedueleReservationHomeView.swift in Sources */,
				57199D712C23162F00AE2F8B /* InterpretedEndpoint.swift in Sources */,
				57199DA12C233A3800AE2F8B /* AppStateViewModifier.swift in Sources */,
				57199DA92C233B0000AE2F8B /* ResyConfig+Environment.swift in Sources */,
				57168D0C2C235F33009E6150 /* AvailableReservationSlotView.swift in Sources */,
				57199D6F2C23162F00AE2F8B /* EndpointInterpreter.swift in Sources */,
				57199D7C2C23169A00AE2F8B /* CreateReservationView.swift in Sources */,
				57168D092C235C09009E6150 /* AvailableReservationResponseMapper.swift in Sources */,
				57199DCE2C2345B800AE2F8B /* BookingAvailabilityStatus.swift in Sources */,
				572503E72C2797A50076EECB /* SchedueleReservationFormView.swift in Sources */,
				57168D232C238155009E6150 /* VenueDetailsView.swift in Sources */,
				57199DA52C233A5F00AE2F8B /* ResyConfig.swift in Sources */,
				57199D912C231A4600AE2F8B /* GetExistingReservationsEndpoint.swift in Sources */,
				57168CFD2C235350009E6150 /* AvailableReservationsView+ViewModel.swift in Sources */,
				57168D212C237E16009E6150 /* VenueCard.swift in Sources */,
				57168CFB2C235225009E6150 /* SelectDateRangeView.swift in Sources */,
				57199DB02C233B6C00AE2F8B /* RootView.swift in Sources */,
				572504152C2A3B190076EECB /* Location.swift in Sources */,
				57168D062C235612009E6150 /* ErrorView.swift in Sources */,
				5725040F2C2A3AEA0076EECB /* SupportedPartySize.swift in Sources */,
				572503F22C279C500076EECB /* VenueMapper.swift in Sources */,
				57168D002C2353ED009E6150 /* DefaultProgressView.swift in Sources */,
				572503EE2C279B830076EECB /* SchedueleReservationFormView+ViewModel.swift in Sources */,
				57199D8B2C23181000AE2F8B /* GetAvailableSlotsEndpoint.swift in Sources */,
				57199D8E2C231A1A00AE2F8B /* ResyBaseHeaderProvider.swift in Sources */,
				57199DD32C23462700AE2F8B /* AvailableReservationsRepository.swift in Sources */,
				57199D6D2C23162F00AE2F8B /* NetworkClient.swift in Sources */,
				57168D332C238C18009E6150 /* VenueDescriptionView.swift in Sources */,
				57168D162C237B4F009E6150 /* Venue.swift in Sources */,
				572504082C2A36F90076EECB /* LocationText.swift in Sources */,
				57199DBC2C23421500AE2F8B /* GetAvailableSlotsUseCase.swift in Sources */,
				57199DBE2C23427300AE2F8B /* GetAvailableSlotsRequest.swift in Sources */,
				5725040A2C2A3A650076EECB /* VenueDescriptionLabel.swift in Sources */,
				57168D262C2381F2009E6150 /* CreateReservationFormView.swift in Sources */,
				57168D1D2C237D8F009E6150 /* VenueRepository.swift in Sources */,
				573498722C24E2C000DBB916 /* SchedueleReservationEndpoint.swift in Sources */,
				57199D702C23162F00AE2F8B /* GetEndpoint.swift in Sources */,
				57168D362C23B95F009E6150 /* DateFormatter+Extensions.swift in Sources */,
				57199D762C23162F00AE2F8B /* Environment.swift in Sources */,
				57168D032C23556F009E6150 /* RemoteViewState.swift in Sources */,
				57199D7E2C2316A100AE2F8B /* CreateReservationViewModel.swift in Sources */,
				57199D722C23162F00AE2F8B /* InterpretedHTTPMethod.swift in Sources */,
				572504032C28EB760076EECB /* ButtonStyles.swift in Sources */,
				57199DA72C233AF500AE2F8B /* User+Environment.swift in Sources */,
				57199D852C23175C00AE2F8B /* ReservationResponse.swift in Sources */,
				57199DD02C2345C300AE2F8B /* ResySlotConfigType.swift in Sources */,
				572503F02C279C2B0076EECB /* VenueDTO.swift in Sources */,
				572504132C2A3B0A0076EECB /* Geo.swift in Sources */,
				57199D942C2338BE00AE2F8B /* ConfirmBookingEndpoint.swift in Sources */,
				57168D312C2386D7009E6150 /* SchedueledReservation.swift in Sources */,
				572503F52C279CDC0076EECB /* ModelContextProtocol.swift in Sources */,
				57199D752C23162F00AE2F8B /* NetworkError.swift in Sources */,
				57199D9A2C23390400AE2F8B /* User.swift in Sources */,
				57199D732C23162F00AE2F8B /* PostEndpoint.swift in Sources */,
				57199DB62C233EDC00AE2F8B /* ResyAPIService.swift in Sources */,
				57199D6E2C23162F00AE2F8B /* Endpoint.swift in Sources */,
				57199D772C23162F00AE2F8B /* EnvironmentStore.swift in Sources */,
				5734986E2C24D7AA00DBB916 /* ScedueleReservationUseCase.swift in Sources */,
				57168CF82C234E8C009E6150 /* DataStore.swift in Sources */,
				57168CF42C234C19009E6150 /* AvailableReservationsGridView.swift in Sources */,
			);
			runOnlyForDeploymentPostprocessing = 0;
		};
		57199D342C2314F600AE2F8B /* Sources */ = {
			isa = PBXSourcesBuildPhase;
			buildActionMask = 2147483647;
			files = (
				57199D3D2C2314F600AE2F8B /* ResyProTests.swift in Sources */,
			);
			runOnlyForDeploymentPostprocessing = 0;
		};
		57199D3E2C2314F600AE2F8B /* Sources */ = {
			isa = PBXSourcesBuildPhase;
			buildActionMask = 2147483647;
			files = (
				57199D472C2314F600AE2F8B /* ResyProUITests.swift in Sources */,
				57199D492C2314F600AE2F8B /* ResyProUITestsLaunchTests.swift in Sources */,
			);
			runOnlyForDeploymentPostprocessing = 0;
		};
/* End PBXSourcesBuildPhase section */

/* Begin PBXTargetDependency section */
		57199D3A2C2314F600AE2F8B /* PBXTargetDependency */ = {
			isa = PBXTargetDependency;
			target = 57199D242C2314F500AE2F8B /* ResyPro */;
			targetProxy = 57199D392C2314F600AE2F8B /* PBXContainerItemProxy */;
		};
		57199D442C2314F600AE2F8B /* PBXTargetDependency */ = {
			isa = PBXTargetDependency;
			target = 57199D242C2314F500AE2F8B /* ResyPro */;
			targetProxy = 57199D432C2314F600AE2F8B /* PBXContainerItemProxy */;
		};
/* End PBXTargetDependency section */

/* Begin XCBuildConfiguration section */
		57199D4A2C2314F600AE2F8B /* Debug */ = {
			isa = XCBuildConfiguration;
			buildSettings = {
				ALWAYS_SEARCH_USER_PATHS = NO;
				ASSETCATALOG_COMPILER_GENERATE_SWIFT_ASSET_SYMBOL_EXTENSIONS = YES;
				CLANG_ANALYZER_NONNULL = YES;
				CLANG_ANALYZER_NUMBER_OBJECT_CONVERSION = YES_AGGRESSIVE;
				CLANG_CXX_LANGUAGE_STANDARD = "gnu++20";
				CLANG_ENABLE_MODULES = YES;
				CLANG_ENABLE_OBJC_ARC = YES;
				CLANG_ENABLE_OBJC_WEAK = YES;
				CLANG_WARN_BLOCK_CAPTURE_AUTORELEASING = YES;
				CLANG_WARN_BOOL_CONVERSION = YES;
				CLANG_WARN_COMMA = YES;
				CLANG_WARN_CONSTANT_CONVERSION = YES;
				CLANG_WARN_DEPRECATED_OBJC_IMPLEMENTATIONS = YES;
				CLANG_WARN_DIRECT_OBJC_ISA_USAGE = YES_ERROR;
				CLANG_WARN_DOCUMENTATION_COMMENTS = YES;
				CLANG_WARN_EMPTY_BODY = YES;
				CLANG_WARN_ENUM_CONVERSION = YES;
				CLANG_WARN_INFINITE_RECURSION = YES;
				CLANG_WARN_INT_CONVERSION = YES;
				CLANG_WARN_NON_LITERAL_NULL_CONVERSION = YES;
				CLANG_WARN_OBJC_IMPLICIT_RETAIN_SELF = YES;
				CLANG_WARN_OBJC_LITERAL_CONVERSION = YES;
				CLANG_WARN_OBJC_ROOT_CLASS = YES_ERROR;
				CLANG_WARN_QUOTED_INCLUDE_IN_FRAMEWORK_HEADER = YES;
				CLANG_WARN_RANGE_LOOP_ANALYSIS = YES;
				CLANG_WARN_STRICT_PROTOTYPES = YES;
				CLANG_WARN_SUSPICIOUS_MOVE = YES;
				CLANG_WARN_UNGUARDED_AVAILABILITY = YES_AGGRESSIVE;
				CLANG_WARN_UNREACHABLE_CODE = YES;
				CLANG_WARN__DUPLICATE_METHOD_MATCH = YES;
				COPY_PHASE_STRIP = NO;
				DEBUG_INFORMATION_FORMAT = dwarf;
				ENABLE_STRICT_OBJC_MSGSEND = YES;
				ENABLE_TESTABILITY = YES;
				ENABLE_USER_SCRIPT_SANDBOXING = YES;
				GCC_C_LANGUAGE_STANDARD = gnu17;
				GCC_DYNAMIC_NO_PIC = NO;
				GCC_NO_COMMON_BLOCKS = YES;
				GCC_OPTIMIZATION_LEVEL = 0;
				GCC_PREPROCESSOR_DEFINITIONS = (
					"DEBUG=1",
					"$(inherited)",
				);
				GCC_WARN_64_TO_32_BIT_CONVERSION = YES;
				GCC_WARN_ABOUT_RETURN_TYPE = YES_ERROR;
				GCC_WARN_UNDECLARED_SELECTOR = YES;
				GCC_WARN_UNINITIALIZED_AUTOS = YES_AGGRESSIVE;
				GCC_WARN_UNUSED_FUNCTION = YES;
				GCC_WARN_UNUSED_VARIABLE = YES;
				LOCALIZATION_PREFERS_STRING_CATALOGS = YES;
				MTL_ENABLE_DEBUG_INFO = INCLUDE_SOURCE;
				MTL_FAST_MATH = YES;
				ONLY_ACTIVE_ARCH = YES;
				SWIFT_ACTIVE_COMPILATION_CONDITIONS = "DEBUG $(inherited)";
				SWIFT_OPTIMIZATION_LEVEL = "-Onone";
			};
			name = Debug;
		};
		57199D4B2C2314F600AE2F8B /* Release */ = {
			isa = XCBuildConfiguration;
			buildSettings = {
				ALWAYS_SEARCH_USER_PATHS = NO;
				ASSETCATALOG_COMPILER_GENERATE_SWIFT_ASSET_SYMBOL_EXTENSIONS = YES;
				CLANG_ANALYZER_NONNULL = YES;
				CLANG_ANALYZER_NUMBER_OBJECT_CONVERSION = YES_AGGRESSIVE;
				CLANG_CXX_LANGUAGE_STANDARD = "gnu++20";
				CLANG_ENABLE_MODULES = YES;
				CLANG_ENABLE_OBJC_ARC = YES;
				CLANG_ENABLE_OBJC_WEAK = YES;
				CLANG_WARN_BLOCK_CAPTURE_AUTORELEASING = YES;
				CLANG_WARN_BOOL_CONVERSION = YES;
				CLANG_WARN_COMMA = YES;
				CLANG_WARN_CONSTANT_CONVERSION = YES;
				CLANG_WARN_DEPRECATED_OBJC_IMPLEMENTATIONS = YES;
				CLANG_WARN_DIRECT_OBJC_ISA_USAGE = YES_ERROR;
				CLANG_WARN_DOCUMENTATION_COMMENTS = YES;
				CLANG_WARN_EMPTY_BODY = YES;
				CLANG_WARN_ENUM_CONVERSION = YES;
				CLANG_WARN_INFINITE_RECURSION = YES;
				CLANG_WARN_INT_CONVERSION = YES;
				CLANG_WARN_NON_LITERAL_NULL_CONVERSION = YES;
				CLANG_WARN_OBJC_IMPLICIT_RETAIN_SELF = YES;
				CLANG_WARN_OBJC_LITERAL_CONVERSION = YES;
				CLANG_WARN_OBJC_ROOT_CLASS = YES_ERROR;
				CLANG_WARN_QUOTED_INCLUDE_IN_FRAMEWORK_HEADER = YES;
				CLANG_WARN_RANGE_LOOP_ANALYSIS = YES;
				CLANG_WARN_STRICT_PROTOTYPES = YES;
				CLANG_WARN_SUSPICIOUS_MOVE = YES;
				CLANG_WARN_UNGUARDED_AVAILABILITY = YES_AGGRESSIVE;
				CLANG_WARN_UNREACHABLE_CODE = YES;
				CLANG_WARN__DUPLICATE_METHOD_MATCH = YES;
				COPY_PHASE_STRIP = NO;
				DEBUG_INFORMATION_FORMAT = "dwarf-with-dsym";
				ENABLE_NS_ASSERTIONS = NO;
				ENABLE_STRICT_OBJC_MSGSEND = YES;
				ENABLE_USER_SCRIPT_SANDBOXING = YES;
				GCC_C_LANGUAGE_STANDARD = gnu17;
				GCC_NO_COMMON_BLOCKS = YES;
				GCC_WARN_64_TO_32_BIT_CONVERSION = YES;
				GCC_WARN_ABOUT_RETURN_TYPE = YES_ERROR;
				GCC_WARN_UNDECLARED_SELECTOR = YES;
				GCC_WARN_UNINITIALIZED_AUTOS = YES_AGGRESSIVE;
				GCC_WARN_UNUSED_FUNCTION = YES;
				GCC_WARN_UNUSED_VARIABLE = YES;
				LOCALIZATION_PREFERS_STRING_CATALOGS = YES;
				MTL_ENABLE_DEBUG_INFO = NO;
				MTL_FAST_MATH = YES;
				SWIFT_COMPILATION_MODE = wholemodule;
			};
			name = Release;
		};
		57199D4D2C2314F600AE2F8B /* Debug */ = {
			isa = XCBuildConfiguration;
			buildSettings = {
				ASSETCATALOG_COMPILER_APPICON_NAME = AppIcon;
				ASSETCATALOG_COMPILER_GLOBAL_ACCENT_COLOR_NAME = AccentColor;
				CODE_SIGN_ENTITLEMENTS = ResyPro/ResyPro.entitlements;
				CODE_SIGN_STYLE = Automatic;
				CURRENT_PROJECT_VERSION = 1;
				DEVELOPMENT_ASSET_PATHS = "\"ResyPro/Preview Content\"";
				DEVELOPMENT_TEAM = QYB4MXD24F;
				ENABLE_HARDENED_RUNTIME = YES;
				ENABLE_PREVIEWS = YES;
				GENERATE_INFOPLIST_FILE = YES;
				INFOPLIST_FILE = ResyPro/Info.plist;
				"INFOPLIST_KEY_UIApplicationSceneManifest_Generation[sdk=iphoneos*]" = YES;
				"INFOPLIST_KEY_UIApplicationSceneManifest_Generation[sdk=iphonesimulator*]" = YES;
				"INFOPLIST_KEY_UIApplicationSupportsIndirectInputEvents[sdk=iphoneos*]" = YES;
				"INFOPLIST_KEY_UIApplicationSupportsIndirectInputEvents[sdk=iphonesimulator*]" = YES;
				"INFOPLIST_KEY_UILaunchScreen_Generation[sdk=iphoneos*]" = YES;
				"INFOPLIST_KEY_UILaunchScreen_Generation[sdk=iphonesimulator*]" = YES;
				"INFOPLIST_KEY_UIStatusBarStyle[sdk=iphoneos*]" = UIStatusBarStyleDefault;
				"INFOPLIST_KEY_UIStatusBarStyle[sdk=iphonesimulator*]" = UIStatusBarStyleDefault;
				INFOPLIST_KEY_UISupportedInterfaceOrientations_iPad = "UIInterfaceOrientationPortrait UIInterfaceOrientationPortraitUpsideDown UIInterfaceOrientationLandscapeLeft UIInterfaceOrientationLandscapeRight";
				INFOPLIST_KEY_UISupportedInterfaceOrientations_iPhone = "UIInterfaceOrientationPortrait UIInterfaceOrientationLandscapeLeft UIInterfaceOrientationLandscapeRight";
				IPHONEOS_DEPLOYMENT_TARGET = 17.0;
				LD_RUNPATH_SEARCH_PATHS = "@executable_path/Frameworks";
				"LD_RUNPATH_SEARCH_PATHS[sdk=macosx*]" = "@executable_path/../Frameworks";
				MACOSX_DEPLOYMENT_TARGET = 14.0;
				MARKETING_VERSION = 1.0;
				PRODUCT_BUNDLE_IDENTIFIER = benfortier.ResyPro;
				PRODUCT_NAME = "$(TARGET_NAME)";
				SDKROOT = auto;
				SUPPORTED_PLATFORMS = "iphoneos iphonesimulator macosx";
				SWIFT_EMIT_LOC_STRINGS = YES;
				SWIFT_VERSION = 5.0;
				TARGETED_DEVICE_FAMILY = "1,2";
			};
			name = Debug;
		};
		57199D4E2C2314F600AE2F8B /* Release */ = {
			isa = XCBuildConfiguration;
			buildSettings = {
				ASSETCATALOG_COMPILER_APPICON_NAME = AppIcon;
				ASSETCATALOG_COMPILER_GLOBAL_ACCENT_COLOR_NAME = AccentColor;
				CODE_SIGN_ENTITLEMENTS = ResyPro/ResyPro.entitlements;
				CODE_SIGN_STYLE = Automatic;
				CURRENT_PROJECT_VERSION = 1;
				DEVELOPMENT_ASSET_PATHS = "\"ResyPro/Preview Content\"";
				DEVELOPMENT_TEAM = QYB4MXD24F;
				ENABLE_HARDENED_RUNTIME = YES;
				ENABLE_PREVIEWS = YES;
				GENERATE_INFOPLIST_FILE = YES;
				INFOPLIST_FILE = ResyPro/Info.plist;
				"INFOPLIST_KEY_UIApplicationSceneManifest_Generation[sdk=iphoneos*]" = YES;
				"INFOPLIST_KEY_UIApplicationSceneManifest_Generation[sdk=iphonesimulator*]" = YES;
				"INFOPLIST_KEY_UIApplicationSupportsIndirectInputEvents[sdk=iphoneos*]" = YES;
				"INFOPLIST_KEY_UIApplicationSupportsIndirectInputEvents[sdk=iphonesimulator*]" = YES;
				"INFOPLIST_KEY_UILaunchScreen_Generation[sdk=iphoneos*]" = YES;
				"INFOPLIST_KEY_UILaunchScreen_Generation[sdk=iphonesimulator*]" = YES;
				"INFOPLIST_KEY_UIStatusBarStyle[sdk=iphoneos*]" = UIStatusBarStyleDefault;
				"INFOPLIST_KEY_UIStatusBarStyle[sdk=iphonesimulator*]" = UIStatusBarStyleDefault;
				INFOPLIST_KEY_UISupportedInterfaceOrientations_iPad = "UIInterfaceOrientationPortrait UIInterfaceOrientationPortraitUpsideDown UIInterfaceOrientationLandscapeLeft UIInterfaceOrientationLandscapeRight";
				INFOPLIST_KEY_UISupportedInterfaceOrientations_iPhone = "UIInterfaceOrientationPortrait UIInterfaceOrientationLandscapeLeft UIInterfaceOrientationLandscapeRight";
				IPHONEOS_DEPLOYMENT_TARGET = 17.0;
				LD_RUNPATH_SEARCH_PATHS = "@executable_path/Frameworks";
				"LD_RUNPATH_SEARCH_PATHS[sdk=macosx*]" = "@executable_path/../Frameworks";
				MACOSX_DEPLOYMENT_TARGET = 14.0;
				MARKETING_VERSION = 1.0;
				PRODUCT_BUNDLE_IDENTIFIER = benfortier.ResyPro;
				PRODUCT_NAME = "$(TARGET_NAME)";
				SDKROOT = auto;
				SUPPORTED_PLATFORMS = "iphoneos iphonesimulator macosx";
				SWIFT_EMIT_LOC_STRINGS = YES;
				SWIFT_VERSION = 5.0;
				TARGETED_DEVICE_FAMILY = "1,2";
			};
			name = Release;
		};
		57199D502C2314F600AE2F8B /* Debug */ = {
			isa = XCBuildConfiguration;
			buildSettings = {
				ALWAYS_EMBED_SWIFT_STANDARD_LIBRARIES = YES;
				BUNDLE_LOADER = "$(TEST_HOST)";
				CODE_SIGN_STYLE = Automatic;
				CURRENT_PROJECT_VERSION = 1;
				DEVELOPMENT_TEAM = QYB4MXD24F;
				GENERATE_INFOPLIST_FILE = YES;
				IPHONEOS_DEPLOYMENT_TARGET = 17.4;
				MACOSX_DEPLOYMENT_TARGET = 14.3;
				MARKETING_VERSION = 1.0;
				PRODUCT_BUNDLE_IDENTIFIER = benfortier.ResyProTests;
				PRODUCT_NAME = "$(TARGET_NAME)";
				SDKROOT = auto;
				SUPPORTED_PLATFORMS = "iphoneos iphonesimulator macosx";
				SWIFT_EMIT_LOC_STRINGS = NO;
				SWIFT_VERSION = 5.0;
				TARGETED_DEVICE_FAMILY = "1,2";
				TEST_HOST = "$(BUILT_PRODUCTS_DIR)/ResyPro.app/$(BUNDLE_EXECUTABLE_FOLDER_PATH)/ResyPro";
			};
			name = Debug;
		};
		57199D512C2314F600AE2F8B /* Release */ = {
			isa = XCBuildConfiguration;
			buildSettings = {
				ALWAYS_EMBED_SWIFT_STANDARD_LIBRARIES = YES;
				BUNDLE_LOADER = "$(TEST_HOST)";
				CODE_SIGN_STYLE = Automatic;
				CURRENT_PROJECT_VERSION = 1;
				DEVELOPMENT_TEAM = QYB4MXD24F;
				GENERATE_INFOPLIST_FILE = YES;
				IPHONEOS_DEPLOYMENT_TARGET = 17.4;
				MACOSX_DEPLOYMENT_TARGET = 14.3;
				MARKETING_VERSION = 1.0;
				PRODUCT_BUNDLE_IDENTIFIER = benfortier.ResyProTests;
				PRODUCT_NAME = "$(TARGET_NAME)";
				SDKROOT = auto;
				SUPPORTED_PLATFORMS = "iphoneos iphonesimulator macosx";
				SWIFT_EMIT_LOC_STRINGS = NO;
				SWIFT_VERSION = 5.0;
				TARGETED_DEVICE_FAMILY = "1,2";
				TEST_HOST = "$(BUILT_PRODUCTS_DIR)/ResyPro.app/$(BUNDLE_EXECUTABLE_FOLDER_PATH)/ResyPro";
			};
			name = Release;
		};
		57199D532C2314F600AE2F8B /* Debug */ = {
			isa = XCBuildConfiguration;
			buildSettings = {
				ALWAYS_EMBED_SWIFT_STANDARD_LIBRARIES = YES;
				CODE_SIGN_STYLE = Automatic;
				CURRENT_PROJECT_VERSION = 1;
				DEVELOPMENT_TEAM = QYB4MXD24F;
				GENERATE_INFOPLIST_FILE = YES;
				IPHONEOS_DEPLOYMENT_TARGET = 17.4;
				MACOSX_DEPLOYMENT_TARGET = 14.3;
				MARKETING_VERSION = 1.0;
				PRODUCT_BUNDLE_IDENTIFIER = benfortier.ResyProUITests;
				PRODUCT_NAME = "$(TARGET_NAME)";
				SDKROOT = auto;
				SUPPORTED_PLATFORMS = "iphoneos iphonesimulator macosx";
				SWIFT_EMIT_LOC_STRINGS = NO;
				SWIFT_VERSION = 5.0;
				TARGETED_DEVICE_FAMILY = "1,2";
				TEST_TARGET_NAME = ResyPro;
			};
			name = Debug;
		};
		57199D542C2314F600AE2F8B /* Release */ = {
			isa = XCBuildConfiguration;
			buildSettings = {
				ALWAYS_EMBED_SWIFT_STANDARD_LIBRARIES = YES;
				CODE_SIGN_STYLE = Automatic;
				CURRENT_PROJECT_VERSION = 1;
				DEVELOPMENT_TEAM = QYB4MXD24F;
				GENERATE_INFOPLIST_FILE = YES;
				IPHONEOS_DEPLOYMENT_TARGET = 17.4;
				MACOSX_DEPLOYMENT_TARGET = 14.3;
				MARKETING_VERSION = 1.0;
				PRODUCT_BUNDLE_IDENTIFIER = benfortier.ResyProUITests;
				PRODUCT_NAME = "$(TARGET_NAME)";
				SDKROOT = auto;
				SUPPORTED_PLATFORMS = "iphoneos iphonesimulator macosx";
				SWIFT_EMIT_LOC_STRINGS = NO;
				SWIFT_VERSION = 5.0;
				TARGETED_DEVICE_FAMILY = "1,2";
				TEST_TARGET_NAME = ResyPro;
			};
			name = Release;
		};
/* End XCBuildConfiguration section */

/* Begin XCConfigurationList section */
		57199D202C2314F500AE2F8B /* Build configuration list for PBXProject "ResyPro" */ = {
			isa = XCConfigurationList;
			buildConfigurations = (
				57199D4A2C2314F600AE2F8B /* Debug */,
				57199D4B2C2314F600AE2F8B /* Release */,
			);
			defaultConfigurationIsVisible = 0;
			defaultConfigurationName = Release;
		};
		57199D4C2C2314F600AE2F8B /* Build configuration list for PBXNativeTarget "ResyPro" */ = {
			isa = XCConfigurationList;
			buildConfigurations = (
				57199D4D2C2314F600AE2F8B /* Debug */,
				57199D4E2C2314F600AE2F8B /* Release */,
			);
			defaultConfigurationIsVisible = 0;
			defaultConfigurationName = Release;
		};
		57199D4F2C2314F600AE2F8B /* Build configuration list for PBXNativeTarget "ResyProTests" */ = {
			isa = XCConfigurationList;
			buildConfigurations = (
				57199D502C2314F600AE2F8B /* Debug */,
				57199D512C2314F600AE2F8B /* Release */,
			);
			defaultConfigurationIsVisible = 0;
			defaultConfigurationName = Release;
		};
		57199D522C2314F600AE2F8B /* Build configuration list for PBXNativeTarget "ResyProUITests" */ = {
			isa = XCConfigurationList;
			buildConfigurations = (
				57199D532C2314F600AE2F8B /* Debug */,
				57199D542C2314F600AE2F8B /* Release */,
			);
			defaultConfigurationIsVisible = 0;
			defaultConfigurationName = Release;
		};
/* End XCConfigurationList section */

/* Begin XCRemoteSwiftPackageReference section */
		572503F62C28D8D80076EECB /* XCRemoteSwiftPackageReference "Nuke" */ = {
			isa = XCRemoteSwiftPackageReference;
			repositoryURL = "https://github.com/kean/Nuke";
			requirement = {
				kind = upToNextMajorVersion;
				minimumVersion = 12.7.3;
			};
		};
/* End XCRemoteSwiftPackageReference section */

/* Begin XCSwiftPackageProductDependency section */
		572503F82C28D9180076EECB /* Nuke */ = {
			isa = XCSwiftPackageProductDependency;
			package = 572503F62C28D8D80076EECB /* XCRemoteSwiftPackageReference "Nuke" */;
			productName = Nuke;
		};
		572503FA2C28D9180076EECB /* NukeExtensions */ = {
			isa = XCSwiftPackageProductDependency;
			package = 572503F62C28D8D80076EECB /* XCRemoteSwiftPackageReference "Nuke" */;
			productName = NukeExtensions;
		};
		572503FC2C28D9180076EECB /* NukeUI */ = {
			isa = XCSwiftPackageProductDependency;
			package = 572503F62C28D8D80076EECB /* XCRemoteSwiftPackageReference "Nuke" */;
			productName = NukeUI;
		};
/* End XCSwiftPackageProductDependency section */
	};
	rootObject = 57199D1D2C2314F500AE2F8B /* Project object */;
}
